// !$*UTF8*$!
{
	archiveVersion = 1;
	classes = {
	};
	objectVersion = 50;
	objects = {

/* Begin PBXBuildFile section */
		342C81AF448FA8D9BBE2BF86 /* Pods_Postgame.framework in Frameworks */ = {isa = PBXBuildFile; fileRef = 67F9079E5E578EF2222B8112 /* Pods_Postgame.framework */; };
		6A10CC312106465400A5EAE1 /* MessageLabel.swift in Sources */ = {isa = PBXBuildFile; fileRef = 6A10CC302106465400A5EAE1 /* MessageLabel.swift */; };
		6A10CC392107AB7500A5EAE1 /* TagView.swift in Sources */ = {isa = PBXBuildFile; fileRef = 6A10CC382107AB7500A5EAE1 /* TagView.swift */; };
		6A10CC3B2107D51800A5EAE1 /* AWSError.swift in Sources */ = {isa = PBXBuildFile; fileRef = 6A10CC3A2107D51800A5EAE1 /* AWSError.swift */; };
		6A17414D2100E2C1000067CA /* SettingsCollectionViewController.swift in Sources */ = {isa = PBXBuildFile; fileRef = 6A17414C2100E2C1000067CA /* SettingsCollectionViewController.swift */; };
		6A1741572102808A000067CA /* UserCache.swift in Sources */ = {isa = PBXBuildFile; fileRef = 6A1741562102808A000067CA /* UserCache.swift */; };
		6A1741592102903D000067CA /* UpdateNameViewController.swift in Sources */ = {isa = PBXBuildFile; fileRef = 6A1741582102903D000067CA /* UpdateNameViewController.swift */; };
		6A17415B210297B5000067CA /* UpdateEmailViewController.swift in Sources */ = {isa = PBXBuildFile; fileRef = 6A17415A210297B5000067CA /* UpdateEmailViewController.swift */; };
		6A17415D21029B12000067CA /* UpdatePhoneViewController.swift in Sources */ = {isa = PBXBuildFile; fileRef = 6A17415C21029B12000067CA /* UpdatePhoneViewController.swift */; };
		6A17415F21029DE4000067CA /* VerifyPhoneViewController.swift in Sources */ = {isa = PBXBuildFile; fileRef = 6A17415E21029DE4000067CA /* VerifyPhoneViewController.swift */; };
		6A17416121029F69000067CA /* UpdatePasswordViewController.swift in Sources */ = {isa = PBXBuildFile; fileRef = 6A17416021029F69000067CA /* UpdatePasswordViewController.swift */; };
		6A1B548B20CF354300870DC2 /* CaffenetExtractor.mlmodel in Sources */ = {isa = PBXBuildFile; fileRef = 6A1B548A20CF354300870DC2 /* CaffenetExtractor.mlmodel */; };
		6A1B549120D00D1F00870DC2 /* utility.swift in Sources */ = {isa = PBXBuildFile; fileRef = 6A1B549020D00D1F00870DC2 /* utility.swift */; };
		6A1B549520D019E500870DC2 /* DescriptorComputer.swift in Sources */ = {isa = PBXBuildFile; fileRef = 6A1B549420D019E500870DC2 /* DescriptorComputer.swift */; };
		6A1B549F20D01A8700870DC2 /* Math.swift in Sources */ = {isa = PBXBuildFile; fileRef = 6A1B549720D01A8700870DC2 /* Math.swift */; };
		6A1B54A020D01A8700870DC2 /* UIImage+CVPixelBuffer.swift in Sources */ = {isa = PBXBuildFile; fileRef = 6A1B549820D01A8700870DC2 /* UIImage+CVPixelBuffer.swift */; };
		6A1B54A120D01A8700870DC2 /* Array.swift in Sources */ = {isa = PBXBuildFile; fileRef = 6A1B549920D01A8700870DC2 /* Array.swift */; };
		6A1B54A220D01A8700870DC2 /* Predictions.swift in Sources */ = {isa = PBXBuildFile; fileRef = 6A1B549A20D01A8700870DC2 /* Predictions.swift */; };
		6A1B54A320D01A8700870DC2 /* MultiArray.swift in Sources */ = {isa = PBXBuildFile; fileRef = 6A1B549B20D01A8700870DC2 /* MultiArray.swift */; };
		6A1B54A420D01A8700870DC2 /* CVPixelBuffer+Helpers.swift in Sources */ = {isa = PBXBuildFile; fileRef = 6A1B549C20D01A8700870DC2 /* CVPixelBuffer+Helpers.swift */; };
		6A1B54A520D01A8700870DC2 /* NonMaxSuppression.swift in Sources */ = {isa = PBXBuildFile; fileRef = 6A1B549D20D01A8700870DC2 /* NonMaxSuppression.swift */; };
		6A1B54A620D01A8700870DC2 /* MLMultiArray+Image.swift in Sources */ = {isa = PBXBuildFile; fileRef = 6A1B549E20D01A8700870DC2 /* MLMultiArray+Image.swift */; };
		6A1B54AA20D0764C00870DC2 /* DescriptorCache.swift in Sources */ = {isa = PBXBuildFile; fileRef = 6A1B54A920D0764C00870DC2 /* DescriptorCache.swift */; };
		6A1B54AE20D1A90C00870DC2 /* PostNodeExtent.swift in Sources */ = {isa = PBXBuildFile; fileRef = 6A1B54AD20D1A90B00870DC2 /* PostNodeExtent.swift */; };
		6A1B54B220D1BD9B00870DC2 /* Posts.swift in Sources */ = {isa = PBXBuildFile; fileRef = 6A1B54B120D1BD9A00870DC2 /* Posts.swift */; };
		6A1B54B920D2D15900870DC2 /* CreateButton.swift in Sources */ = {isa = PBXBuildFile; fileRef = 6A1B54B820D2D15900870DC2 /* CreateButton.swift */; };
		6A1B54BB20D3012700870DC2 /* ContentScene.swift in Sources */ = {isa = PBXBuildFile; fileRef = 6A1B54BA20D3012700870DC2 /* ContentScene.swift */; };
		6A1B54CB20D4350400870DC2 /* APIGatewayService.swift in Sources */ = {isa = PBXBuildFile; fileRef = 6A1B54CA20D4350400870DC2 /* APIGatewayService.swift */; };
		6A1B54CE20D4616F00870DC2 /* DynamoDBService.swift in Sources */ = {isa = PBXBuildFile; fileRef = 6A1B54CD20D4616F00870DC2 /* DynamoDBService.swift */; };
		6A1B54D020D47BEC00870DC2 /* ViewController+Gesture.swift in Sources */ = {isa = PBXBuildFile; fileRef = 6A1B54CF20D47BEC00870DC2 /* ViewController+Gesture.swift */; };
		6A1B54D220D47D2E00870DC2 /* LongPressIndicator.swift in Sources */ = {isa = PBXBuildFile; fileRef = 6A1B54D120D47D2E00870DC2 /* LongPressIndicator.swift */; };
		6A1B54D520D8253500870DC2 /* Descriptor.swift in Sources */ = {isa = PBXBuildFile; fileRef = 6A1B54D420D8253500870DC2 /* Descriptor.swift */; };
		6A1B54D720D83D4200870DC2 /* ContentNode.swift in Sources */ = {isa = PBXBuildFile; fileRef = 6A1B54D620D83D4200870DC2 /* ContentNode.swift */; };
		6A2486CB20FC090600DB2133 /* UserViewController.swift in Sources */ = {isa = PBXBuildFile; fileRef = 6A2486CA20FC090600DB2133 /* UserViewController.swift */; };
		6A2486CD20FC0E3E00DB2133 /* ImageCache.swift in Sources */ = {isa = PBXBuildFile; fileRef = 6A2486CC20FC0E3E00DB2133 /* ImageCache.swift */; };
		6A2486CF20FD0F6A00DB2133 /* CognitoService.swift in Sources */ = {isa = PBXBuildFile; fileRef = 6A2486CE20FD0F6A00DB2133 /* CognitoService.swift */; };
		6A2486D120FD1C9E00DB2133 /* IntroViewController.swift in Sources */ = {isa = PBXBuildFile; fileRef = 6A2486D020FD1C9E00DB2133 /* IntroViewController.swift */; };
		6A2486D320FD206200DB2133 /* SignInViewController.swift in Sources */ = {isa = PBXBuildFile; fileRef = 6A2486D220FD206200DB2133 /* SignInViewController.swift */; };
		6A2486D520FD388B00DB2133 /* UsernameViewController.swift in Sources */ = {isa = PBXBuildFile; fileRef = 6A2486D420FD388B00DB2133 /* UsernameViewController.swift */; };
		6A2486D820FD397F00DB2133 /* SignUpBaseViewController.swift in Sources */ = {isa = PBXBuildFile; fileRef = 6A2486D720FD397F00DB2133 /* SignUpBaseViewController.swift */; };
		6A2486DA20FD3ADB00DB2133 /* PasswordViewController.swift in Sources */ = {isa = PBXBuildFile; fileRef = 6A2486D920FD3ADB00DB2133 /* PasswordViewController.swift */; };
		6A2486DC20FD3D4E00DB2133 /* PhoneViewController.swift in Sources */ = {isa = PBXBuildFile; fileRef = 6A2486DB20FD3D4E00DB2133 /* PhoneViewController.swift */; };
		6A2486DE20FD3DCF00DB2133 /* EmailViewController.swift in Sources */ = {isa = PBXBuildFile; fileRef = 6A2486DD20FD3DCF00DB2133 /* EmailViewController.swift */; };
		6A2486E020FD3E0600DB2133 /* ConfirmCodeViewController.swift in Sources */ = {isa = PBXBuildFile; fileRef = 6A2486DF20FD3E0600DB2133 /* ConfirmCodeViewController.swift */; };
		6A2486E220FE4CAA00DB2133 /* MapViewController.swift in Sources */ = {isa = PBXBuildFile; fileRef = 6A2486E120FE4CAA00DB2133 /* MapViewController.swift */; };
		6A2486E520FF80C700DB2133 /* ForgotPasswordViewController.swift in Sources */ = {isa = PBXBuildFile; fileRef = 6A2486E420FF80C700DB2133 /* ForgotPasswordViewController.swift */; };
		6A2486E720FF83E700DB2133 /* ResetPasswordViewController.swift in Sources */ = {isa = PBXBuildFile; fileRef = 6A2486E620FF83E700DB2133 /* ResetPasswordViewController.swift */; };
		6A8EA73B20E050D000B178C1 /* UserMenu.swift in Sources */ = {isa = PBXBuildFile; fileRef = 6A8EA73A20E050D000B178C1 /* UserMenu.swift */; };
		6A8EA73D20E1254600B178C1 /* HistoryView.swift in Sources */ = {isa = PBXBuildFile; fileRef = 6A8EA73C20E1254600B178C1 /* HistoryView.swift */; };
		6A8EA73F20E1255200B178C1 /* TotalView.swift in Sources */ = {isa = PBXBuildFile; fileRef = 6A8EA73E20E1255200B178C1 /* TotalView.swift */; };
		6A8EA74420E1538100B178C1 /* ViewCount.swift in Sources */ = {isa = PBXBuildFile; fileRef = 6A8EA74320E1538100B178C1 /* ViewCount.swift */; };
		6A8EA74620E16D9900B178C1 /* awsconfiguration.json in Resources */ = {isa = PBXBuildFile; fileRef = 6A8EA74520E16D9800B178C1 /* awsconfiguration.json */; };
		6A93257620D859D600E0C9B4 /* CountView.swift in Sources */ = {isa = PBXBuildFile; fileRef = 6A93257520D859D600E0C9B4 /* CountView.swift */; };
		6A98CC6320E41702003A0E44 /* JMH Cthulhumbus Arcade.otf in Resources */ = {isa = PBXBuildFile; fileRef = 6A98CC6220E41702003A0E44 /* JMH Cthulhumbus Arcade.otf */; };
		6A98CC6520E41714003A0E44 /* ka1.ttf in Resources */ = {isa = PBXBuildFile; fileRef = 6A98CC6420E41714003A0E44 /* ka1.ttf */; };
		6AC6C8DF20E430F600126391 /* dock_51.ttf in Resources */ = {isa = PBXBuildFile; fileRef = 6AC6C8DE20E430F600126391 /* dock_51.ttf */; };
		6AC6C8E120E4316A00126391 /* DueDate.ttf in Resources */ = {isa = PBXBuildFile; fileRef = 6AC6C8E020E4316A00126391 /* DueDate.ttf */; };
		6AC6C8E320E45C3900126391 /* NotificationCenter+Rx.swift in Sources */ = {isa = PBXBuildFile; fileRef = 6AC6C8E220E45C3900126391 /* NotificationCenter+Rx.swift */; };
		6AC6C8E620E811C800126391 /* LaunchScreen.storyboard in Resources */ = {isa = PBXBuildFile; fileRef = 6AC6C8E520E811C800126391 /* LaunchScreen.storyboard */; };
		6AC6C8FB20F3A73300126391 /* AppSyncService.swift in Sources */ = {isa = PBXBuildFile; fileRef = 6AC6C8FA20F3A73300126391 /* AppSyncService.swift */; };
		6AC6C8FD20F3A87000126391 /* Constants.swift in Sources */ = {isa = PBXBuildFile; fileRef = 6AC6C8FC20F3A87000126391 /* Constants.swift */; };
		6AC6C90D20F511C700126391 /* AppSyncAPI.swift in Sources */ = {isa = PBXBuildFile; fileRef = 6AC6C90C20F511C600126391 /* AppSyncAPI.swift */; };
		6AC6C90F20F90FD600126391 /* UserButton.swift in Sources */ = {isa = PBXBuildFile; fileRef = 6AC6C90E20F90FD600126391 /* UserButton.swift */; };
		6AC6C91120FBFA2300126391 /* CreationViewController.swift in Sources */ = {isa = PBXBuildFile; fileRef = 6AC6C91020FBFA2300126391 /* CreationViewController.swift */; };
		6AEBAB5620CDF3AE00741EB0 /* S3Servie.swift in Sources */ = {isa = PBXBuildFile; fileRef = 6AEBAB5520CDF3AE00741EB0 /* S3Servie.swift */; };
		6AEBAB5820CEDC9000741EB0 /* RxARSessionDelegateProxy.swift in Sources */ = {isa = PBXBuildFile; fileRef = 6AEBAB5720CEDC9000741EB0 /* RxARSessionDelegateProxy.swift */; };
		6AEBAB5C20CEE3F000741EB0 /* ARSession+Rx.swift in Sources */ = {isa = PBXBuildFile; fileRef = 6AEBAB5B20CEE3F000741EB0 /* ARSession+Rx.swift */; };
		6AEBAB6120CEEEAC00741EB0 /* RectDetector.swift in Sources */ = {isa = PBXBuildFile; fileRef = 6AEBAB6020CEEEAC00741EB0 /* RectDetector.swift */; };
		6AEC1A6F2085BF06008E0FF8 /* AppDelegate.swift in Sources */ = {isa = PBXBuildFile; fileRef = 6AEC1A6E2085BF06008E0FF8 /* AppDelegate.swift */; };
		6AEC1A732085BF06008E0FF8 /* ViewController.swift in Sources */ = {isa = PBXBuildFile; fileRef = 6AEC1A722085BF06008E0FF8 /* ViewController.swift */; };
		6AEC1A782085BF07008E0FF8 /* Assets.xcassets in Resources */ = {isa = PBXBuildFile; fileRef = 6AEC1A772085BF07008E0FF8 /* Assets.xcassets */; };
		6AEC1A862085BF08008E0FF8 /* PostgameTests.swift in Sources */ = {isa = PBXBuildFile; fileRef = 6AEC1A852085BF08008E0FF8 /* PostgameTests.swift */; };
		6AEC1A912085BF08008E0FF8 /* PostgameUITests.swift in Sources */ = {isa = PBXBuildFile; fileRef = 6AEC1A902085BF08008E0FF8 /* PostgameUITests.swift */; };
		6AEC1AA0208799B2008E0FF8 /* ViewController+UISetup.swift in Sources */ = {isa = PBXBuildFile; fileRef = 6AEC1A9F208799B2008E0FF8 /* ViewController+UISetup.swift */; };
		6AEC1AA320879B23008E0FF8 /* extension.swift in Sources */ = {isa = PBXBuildFile; fileRef = 6AEC1AA220879B23008E0FF8 /* extension.swift */; };
		6AEC1AA62087ADC5008E0FF8 /* IndicatorButton.swift in Sources */ = {isa = PBXBuildFile; fileRef = 6AEC1AA52087ADC5008E0FF8 /* IndicatorButton.swift */; };
		6AEC1AAB2088280B008E0FF8 /* DrawView.swift in Sources */ = {isa = PBXBuildFile; fileRef = 6AEC1AAA2088280B008E0FF8 /* DrawView.swift */; };
		6AEC1AAD20882BB0008E0FF8 /* ColorSlider.swift in Sources */ = {isa = PBXBuildFile; fileRef = 6AEC1AAC20882BB0008E0FF8 /* ColorSlider.swift */; };
		6AEC1AAF20885E8C008E0FF8 /* PhotoLibraryView.swift in Sources */ = {isa = PBXBuildFile; fileRef = 6AEC1AAE20885E8C008E0FF8 /* PhotoLibraryView.swift */; };
		6AEC1AB12088630C008E0FF8 /* PhotoPickerView.swift in Sources */ = {isa = PBXBuildFile; fileRef = 6AEC1AB02088630C008E0FF8 /* PhotoPickerView.swift */; };
		6AEC1AB52089A698008E0FF8 /* ResizableView.swift in Sources */ = {isa = PBXBuildFile; fileRef = 6AEC1AB42089A698008E0FF8 /* ResizableView.swift */; };
		6AEC1AB72089A6C3008E0FF8 /* DragHandle.swift in Sources */ = {isa = PBXBuildFile; fileRef = 6AEC1AB62089A6C3008E0FF8 /* DragHandle.swift */; };
		6AF52780208AC3E80039363B /* GeolocationService.swift in Sources */ = {isa = PBXBuildFile; fileRef = 6AF5277F208AC3E80039363B /* GeolocationService.swift */; };
		6AF52782208AC4190039363B /* CLLocation+Rx.swift in Sources */ = {isa = PBXBuildFile; fileRef = 6AF52781208AC4190039363B /* CLLocation+Rx.swift */; };
		6AF52784208AC43A0039363B /* RxCLLocationManagerDelegateProxy.swift in Sources */ = {isa = PBXBuildFile; fileRef = 6AF52783208AC43A0039363B /* RxCLLocationManagerDelegateProxy.swift */; };
		6AF67C0120DDB1D90096CEA0 /* AWSAPI_QJVZDPTXRF_ResponseSchema.m in Sources */ = {isa = PBXBuildFile; fileRef = 6AF67BFB20DDB1D70096CEA0 /* AWSAPI_QJVZDPTXRF_ResponseSchema.m */; };
		6AF67C0220DDB1D90096CEA0 /* AWSAPI_QJVZDPTXRF_PostManagementMobileHubClient.m in Sources */ = {isa = PBXBuildFile; fileRef = 6AF67BFD20DDB1D80096CEA0 /* AWSAPI_QJVZDPTXRF_PostManagementMobileHubClient.m */; };
		6AF67C0320DDB1D90096CEA0 /* AWSAPI_QJVZDPTXRF_RequestSchema.m in Sources */ = {isa = PBXBuildFile; fileRef = 6AF67BFF20DDB1D80096CEA0 /* AWSAPI_QJVZDPTXRF_RequestSchema.m */; };
		6AFDC42C20E923ED009ED7E5 /* CP.ttf in Resources */ = {isa = PBXBuildFile; fileRef = 6AC6C8E420E80F6700126391 /* CP.ttf */; };
		6AFDC42E20EA88B9009ED7E5 /* RectInfo.swift in Sources */ = {isa = PBXBuildFile; fileRef = 6AFDC42D20EA88B9009ED7E5 /* RectInfo.swift */; };
		6AFDC43020EA8ACE009ED7E5 /* RectGeometry.swift in Sources */ = {isa = PBXBuildFile; fileRef = 6AFDC42F20EA8ACE009ED7E5 /* RectGeometry.swift */; };
		6AFDC43220EACA25009ED7E5 /* TTL.swift in Sources */ = {isa = PBXBuildFile; fileRef = 6AFDC43120EACA25009ED7E5 /* TTL.swift */; };
		6AFDC43620EAFF57009ED7E5 /* PostNode.swift in Sources */ = {isa = PBXBuildFile; fileRef = 6AFDC43520EAFF57009ED7E5 /* PostNode.swift */; };
		D453523150F84F268FA5C265 /* Pods_PostgameTests.framework in Frameworks */ = {isa = PBXBuildFile; fileRef = 6560C76AE5F74FF7FEAC5581 /* Pods_PostgameTests.framework */; };
		FD6547AD0525C6433731BAF5 /* Pods_PostgameUITests.framework in Frameworks */ = {isa = PBXBuildFile; fileRef = D7C665EFF03E997DD92392CF /* Pods_PostgameUITests.framework */; };
/* End PBXBuildFile section */

/* Begin PBXContainerItemProxy section */
		6AEC1A822085BF08008E0FF8 /* PBXContainerItemProxy */ = {
			isa = PBXContainerItemProxy;
			containerPortal = 6AEC1A632085BF06008E0FF8 /* Project object */;
			proxyType = 1;
			remoteGlobalIDString = 6AEC1A6A2085BF06008E0FF8;
			remoteInfo = Postgame;
		};
		6AEC1A8D2085BF08008E0FF8 /* PBXContainerItemProxy */ = {
			isa = PBXContainerItemProxy;
			containerPortal = 6AEC1A632085BF06008E0FF8 /* Project object */;
			proxyType = 1;
			remoteGlobalIDString = 6AEC1A6A2085BF06008E0FF8;
			remoteInfo = Postgame;
		};
/* End PBXContainerItemProxy section */

/* Begin PBXFileReference section */
		2C0B4DCA09E94C56E55ED8BE /* Pods-PostgameUITests.debug.xcconfig */ = {isa = PBXFileReference; includeInIndex = 1; lastKnownFileType = text.xcconfig; name = "Pods-PostgameUITests.debug.xcconfig"; path = "Pods/Target Support Files/Pods-PostgameUITests/Pods-PostgameUITests.debug.xcconfig"; sourceTree = "<group>"; };
		356CCAECBA440716CFD553EF /* Pods-PostgameTests.debug.xcconfig */ = {isa = PBXFileReference; includeInIndex = 1; lastKnownFileType = text.xcconfig; name = "Pods-PostgameTests.debug.xcconfig"; path = "Pods/Target Support Files/Pods-PostgameTests/Pods-PostgameTests.debug.xcconfig"; sourceTree = "<group>"; };
		5FF16130E9A36DB5CAAB89F2 /* Pods-Postgame.release.xcconfig */ = {isa = PBXFileReference; includeInIndex = 1; lastKnownFileType = text.xcconfig; name = "Pods-Postgame.release.xcconfig"; path = "Pods/Target Support Files/Pods-Postgame/Pods-Postgame.release.xcconfig"; sourceTree = "<group>"; };
		6560C76AE5F74FF7FEAC5581 /* Pods_PostgameTests.framework */ = {isa = PBXFileReference; explicitFileType = wrapper.framework; includeInIndex = 0; path = Pods_PostgameTests.framework; sourceTree = BUILT_PRODUCTS_DIR; };
		67F9079E5E578EF2222B8112 /* Pods_Postgame.framework */ = {isa = PBXFileReference; explicitFileType = wrapper.framework; includeInIndex = 0; path = Pods_Postgame.framework; sourceTree = BUILT_PRODUCTS_DIR; };
		6A10CC302106465400A5EAE1 /* MessageLabel.swift */ = {isa = PBXFileReference; lastKnownFileType = sourcecode.swift; path = MessageLabel.swift; sourceTree = "<group>"; };
		6A10CC382107AB7500A5EAE1 /* TagView.swift */ = {isa = PBXFileReference; lastKnownFileType = sourcecode.swift; path = TagView.swift; sourceTree = "<group>"; };
		6A10CC3A2107D51800A5EAE1 /* AWSError.swift */ = {isa = PBXFileReference; lastKnownFileType = sourcecode.swift; path = AWSError.swift; sourceTree = "<group>"; };
		6A17414C2100E2C1000067CA /* SettingsCollectionViewController.swift */ = {isa = PBXFileReference; lastKnownFileType = sourcecode.swift; path = SettingsCollectionViewController.swift; sourceTree = "<group>"; };
		6A1741562102808A000067CA /* UserCache.swift */ = {isa = PBXFileReference; lastKnownFileType = sourcecode.swift; path = UserCache.swift; sourceTree = "<group>"; };
		6A1741582102903D000067CA /* UpdateNameViewController.swift */ = {isa = PBXFileReference; lastKnownFileType = sourcecode.swift; path = UpdateNameViewController.swift; sourceTree = "<group>"; };
		6A17415A210297B5000067CA /* UpdateEmailViewController.swift */ = {isa = PBXFileReference; lastKnownFileType = sourcecode.swift; path = UpdateEmailViewController.swift; sourceTree = "<group>"; };
		6A17415C21029B12000067CA /* UpdatePhoneViewController.swift */ = {isa = PBXFileReference; lastKnownFileType = sourcecode.swift; path = UpdatePhoneViewController.swift; sourceTree = "<group>"; };
		6A17415E21029DE4000067CA /* VerifyPhoneViewController.swift */ = {isa = PBXFileReference; lastKnownFileType = sourcecode.swift; path = VerifyPhoneViewController.swift; sourceTree = "<group>"; };
		6A17416021029F69000067CA /* UpdatePasswordViewController.swift */ = {isa = PBXFileReference; lastKnownFileType = sourcecode.swift; path = UpdatePasswordViewController.swift; sourceTree = "<group>"; };
		6A1B548A20CF354300870DC2 /* CaffenetExtractor.mlmodel */ = {isa = PBXFileReference; lastKnownFileType = file.mlmodel; path = CaffenetExtractor.mlmodel; sourceTree = "<group>"; };
		6A1B549020D00D1F00870DC2 /* utility.swift */ = {isa = PBXFileReference; lastKnownFileType = sourcecode.swift; path = utility.swift; sourceTree = "<group>"; };
		6A1B549420D019E500870DC2 /* DescriptorComputer.swift */ = {isa = PBXFileReference; lastKnownFileType = sourcecode.swift; path = DescriptorComputer.swift; sourceTree = "<group>"; };
		6A1B549720D01A8700870DC2 /* Math.swift */ = {isa = PBXFileReference; fileEncoding = 4; lastKnownFileType = sourcecode.swift; path = Math.swift; sourceTree = "<group>"; };
		6A1B549820D01A8700870DC2 /* UIImage+CVPixelBuffer.swift */ = {isa = PBXFileReference; fileEncoding = 4; lastKnownFileType = sourcecode.swift; path = "UIImage+CVPixelBuffer.swift"; sourceTree = "<group>"; };
		6A1B549920D01A8700870DC2 /* Array.swift */ = {isa = PBXFileReference; fileEncoding = 4; lastKnownFileType = sourcecode.swift; path = Array.swift; sourceTree = "<group>"; };
		6A1B549A20D01A8700870DC2 /* Predictions.swift */ = {isa = PBXFileReference; fileEncoding = 4; lastKnownFileType = sourcecode.swift; path = Predictions.swift; sourceTree = "<group>"; };
		6A1B549B20D01A8700870DC2 /* MultiArray.swift */ = {isa = PBXFileReference; fileEncoding = 4; lastKnownFileType = sourcecode.swift; path = MultiArray.swift; sourceTree = "<group>"; };
		6A1B549C20D01A8700870DC2 /* CVPixelBuffer+Helpers.swift */ = {isa = PBXFileReference; fileEncoding = 4; lastKnownFileType = sourcecode.swift; path = "CVPixelBuffer+Helpers.swift"; sourceTree = "<group>"; };
		6A1B549D20D01A8700870DC2 /* NonMaxSuppression.swift */ = {isa = PBXFileReference; fileEncoding = 4; lastKnownFileType = sourcecode.swift; path = NonMaxSuppression.swift; sourceTree = "<group>"; };
		6A1B549E20D01A8700870DC2 /* MLMultiArray+Image.swift */ = {isa = PBXFileReference; fileEncoding = 4; lastKnownFileType = sourcecode.swift; path = "MLMultiArray+Image.swift"; sourceTree = "<group>"; };
		6A1B54A920D0764C00870DC2 /* DescriptorCache.swift */ = {isa = PBXFileReference; lastKnownFileType = sourcecode.swift; path = DescriptorCache.swift; sourceTree = "<group>"; };
		6A1B54AD20D1A90B00870DC2 /* PostNodeExtent.swift */ = {isa = PBXFileReference; lastKnownFileType = sourcecode.swift; path = PostNodeExtent.swift; sourceTree = "<group>"; };
		6A1B54B120D1BD9A00870DC2 /* Posts.swift */ = {isa = PBXFileReference; fileEncoding = 4; lastKnownFileType = sourcecode.swift; path = Posts.swift; sourceTree = "<group>"; };
		6A1B54B820D2D15900870DC2 /* CreateButton.swift */ = {isa = PBXFileReference; lastKnownFileType = sourcecode.swift; path = CreateButton.swift; sourceTree = "<group>"; };
		6A1B54BA20D3012700870DC2 /* ContentScene.swift */ = {isa = PBXFileReference; lastKnownFileType = sourcecode.swift; path = ContentScene.swift; sourceTree = "<group>"; };
		6A1B54C020D4327900870DC2 /* Postgame-Bridging-Header.h */ = {isa = PBXFileReference; lastKnownFileType = sourcecode.c.h; path = "Postgame-Bridging-Header.h"; sourceTree = "<group>"; };
		6A1B54CA20D4350400870DC2 /* APIGatewayService.swift */ = {isa = PBXFileReference; lastKnownFileType = sourcecode.swift; path = APIGatewayService.swift; sourceTree = "<group>"; };
		6A1B54CD20D4616F00870DC2 /* DynamoDBService.swift */ = {isa = PBXFileReference; lastKnownFileType = sourcecode.swift; path = DynamoDBService.swift; sourceTree = "<group>"; };
		6A1B54CF20D47BEC00870DC2 /* ViewController+Gesture.swift */ = {isa = PBXFileReference; lastKnownFileType = sourcecode.swift; path = "ViewController+Gesture.swift"; sourceTree = "<group>"; };
		6A1B54D120D47D2E00870DC2 /* LongPressIndicator.swift */ = {isa = PBXFileReference; lastKnownFileType = sourcecode.swift; path = LongPressIndicator.swift; sourceTree = "<group>"; };
		6A1B54D420D8253500870DC2 /* Descriptor.swift */ = {isa = PBXFileReference; lastKnownFileType = sourcecode.swift; path = Descriptor.swift; sourceTree = "<group>"; };
		6A1B54D620D83D4200870DC2 /* ContentNode.swift */ = {isa = PBXFileReference; lastKnownFileType = sourcecode.swift; path = ContentNode.swift; sourceTree = "<group>"; };
		6A2486CA20FC090600DB2133 /* UserViewController.swift */ = {isa = PBXFileReference; lastKnownFileType = sourcecode.swift; path = UserViewController.swift; sourceTree = "<group>"; };
		6A2486CC20FC0E3E00DB2133 /* ImageCache.swift */ = {isa = PBXFileReference; lastKnownFileType = sourcecode.swift; path = ImageCache.swift; sourceTree = "<group>"; };
		6A2486CE20FD0F6A00DB2133 /* CognitoService.swift */ = {isa = PBXFileReference; lastKnownFileType = sourcecode.swift; path = CognitoService.swift; sourceTree = "<group>"; };
		6A2486D020FD1C9E00DB2133 /* IntroViewController.swift */ = {isa = PBXFileReference; lastKnownFileType = sourcecode.swift; path = IntroViewController.swift; sourceTree = "<group>"; };
		6A2486D220FD206200DB2133 /* SignInViewController.swift */ = {isa = PBXFileReference; lastKnownFileType = sourcecode.swift; path = SignInViewController.swift; sourceTree = "<group>"; };
		6A2486D420FD388B00DB2133 /* UsernameViewController.swift */ = {isa = PBXFileReference; lastKnownFileType = sourcecode.swift; path = UsernameViewController.swift; sourceTree = "<group>"; };
		6A2486D720FD397F00DB2133 /* SignUpBaseViewController.swift */ = {isa = PBXFileReference; lastKnownFileType = sourcecode.swift; path = SignUpBaseViewController.swift; sourceTree = "<group>"; };
		6A2486D920FD3ADB00DB2133 /* PasswordViewController.swift */ = {isa = PBXFileReference; lastKnownFileType = sourcecode.swift; path = PasswordViewController.swift; sourceTree = "<group>"; };
		6A2486DB20FD3D4E00DB2133 /* PhoneViewController.swift */ = {isa = PBXFileReference; lastKnownFileType = sourcecode.swift; path = PhoneViewController.swift; sourceTree = "<group>"; };
		6A2486DD20FD3DCF00DB2133 /* EmailViewController.swift */ = {isa = PBXFileReference; lastKnownFileType = sourcecode.swift; path = EmailViewController.swift; sourceTree = "<group>"; };
		6A2486DF20FD3E0600DB2133 /* ConfirmCodeViewController.swift */ = {isa = PBXFileReference; lastKnownFileType = sourcecode.swift; path = ConfirmCodeViewController.swift; sourceTree = "<group>"; };
		6A2486E120FE4CAA00DB2133 /* MapViewController.swift */ = {isa = PBXFileReference; lastKnownFileType = sourcecode.swift; path = MapViewController.swift; sourceTree = "<group>"; };
		6A2486E420FF80C700DB2133 /* ForgotPasswordViewController.swift */ = {isa = PBXFileReference; lastKnownFileType = sourcecode.swift; path = ForgotPasswordViewController.swift; sourceTree = "<group>"; };
		6A2486E620FF83E700DB2133 /* ResetPasswordViewController.swift */ = {isa = PBXFileReference; lastKnownFileType = sourcecode.swift; path = ResetPasswordViewController.swift; sourceTree = "<group>"; };
		6A8EA73A20E050D000B178C1 /* UserMenu.swift */ = {isa = PBXFileReference; lastKnownFileType = sourcecode.swift; path = UserMenu.swift; sourceTree = "<group>"; };
		6A8EA73C20E1254600B178C1 /* HistoryView.swift */ = {isa = PBXFileReference; lastKnownFileType = sourcecode.swift; path = HistoryView.swift; sourceTree = "<group>"; };
		6A8EA73E20E1255200B178C1 /* TotalView.swift */ = {isa = PBXFileReference; lastKnownFileType = sourcecode.swift; path = TotalView.swift; sourceTree = "<group>"; };
		6A8EA74320E1538100B178C1 /* ViewCount.swift */ = {isa = PBXFileReference; fileEncoding = 4; lastKnownFileType = sourcecode.swift; path = ViewCount.swift; sourceTree = "<group>"; };
		6A8EA74520E16D9800B178C1 /* awsconfiguration.json */ = {isa = PBXFileReference; fileEncoding = 4; lastKnownFileType = text.json; path = awsconfiguration.json; sourceTree = "<group>"; };
		6A93257520D859D600E0C9B4 /* CountView.swift */ = {isa = PBXFileReference; lastKnownFileType = sourcecode.swift; path = CountView.swift; sourceTree = "<group>"; };
		6A98CC6220E41702003A0E44 /* JMH Cthulhumbus Arcade.otf */ = {isa = PBXFileReference; lastKnownFileType = file; path = "JMH Cthulhumbus Arcade.otf"; sourceTree = "<group>"; };
		6A98CC6420E41714003A0E44 /* ka1.ttf */ = {isa = PBXFileReference; lastKnownFileType = file; path = ka1.ttf; sourceTree = "<group>"; };
		6AC6C8DE20E430F600126391 /* dock_51.ttf */ = {isa = PBXFileReference; lastKnownFileType = file; path = dock_51.ttf; sourceTree = "<group>"; };
		6AC6C8E020E4316A00126391 /* DueDate.ttf */ = {isa = PBXFileReference; lastKnownFileType = file; path = DueDate.ttf; sourceTree = "<group>"; };
		6AC6C8E220E45C3900126391 /* NotificationCenter+Rx.swift */ = {isa = PBXFileReference; lastKnownFileType = sourcecode.swift; path = "NotificationCenter+Rx.swift"; sourceTree = "<group>"; };
		6AC6C8E420E80F6700126391 /* CP.ttf */ = {isa = PBXFileReference; lastKnownFileType = file; path = CP.ttf; sourceTree = "<group>"; };
		6AC6C8E520E811C800126391 /* LaunchScreen.storyboard */ = {isa = PBXFileReference; lastKnownFileType = file.storyboard; path = LaunchScreen.storyboard; sourceTree = "<group>"; };
		6AC6C8FA20F3A73300126391 /* AppSyncService.swift */ = {isa = PBXFileReference; lastKnownFileType = sourcecode.swift; path = AppSyncService.swift; sourceTree = "<group>"; };
		6AC6C8FC20F3A87000126391 /* Constants.swift */ = {isa = PBXFileReference; lastKnownFileType = sourcecode.swift; path = Constants.swift; sourceTree = "<group>"; };
		6AC6C90C20F511C600126391 /* AppSyncAPI.swift */ = {isa = PBXFileReference; fileEncoding = 4; lastKnownFileType = sourcecode.swift; name = AppSyncAPI.swift; path = ../../graphql/AppSyncAPI.swift; sourceTree = "<group>"; };
		6AC6C90E20F90FD600126391 /* UserButton.swift */ = {isa = PBXFileReference; lastKnownFileType = sourcecode.swift; path = UserButton.swift; sourceTree = "<group>"; };
		6AC6C91020FBFA2300126391 /* CreationViewController.swift */ = {isa = PBXFileReference; lastKnownFileType = sourcecode.swift; path = CreationViewController.swift; sourceTree = "<group>"; };
		6AEBAB5520CDF3AE00741EB0 /* S3Servie.swift */ = {isa = PBXFileReference; lastKnownFileType = sourcecode.swift; path = S3Servie.swift; sourceTree = "<group>"; };
		6AEBAB5720CEDC9000741EB0 /* RxARSessionDelegateProxy.swift */ = {isa = PBXFileReference; lastKnownFileType = sourcecode.swift; path = RxARSessionDelegateProxy.swift; sourceTree = "<group>"; };
		6AEBAB5B20CEE3F000741EB0 /* ARSession+Rx.swift */ = {isa = PBXFileReference; lastKnownFileType = sourcecode.swift; path = "ARSession+Rx.swift"; sourceTree = "<group>"; };
		6AEBAB6020CEEEAC00741EB0 /* RectDetector.swift */ = {isa = PBXFileReference; lastKnownFileType = sourcecode.swift; path = RectDetector.swift; sourceTree = "<group>"; };
		6AEC1A6B2085BF06008E0FF8 /* Postgame.app */ = {isa = PBXFileReference; explicitFileType = wrapper.application; includeInIndex = 0; path = Postgame.app; sourceTree = BUILT_PRODUCTS_DIR; };
		6AEC1A6E2085BF06008E0FF8 /* AppDelegate.swift */ = {isa = PBXFileReference; lastKnownFileType = sourcecode.swift; path = AppDelegate.swift; sourceTree = "<group>"; };
		6AEC1A722085BF06008E0FF8 /* ViewController.swift */ = {isa = PBXFileReference; lastKnownFileType = sourcecode.swift; path = ViewController.swift; sourceTree = "<group>"; };
		6AEC1A772085BF07008E0FF8 /* Assets.xcassets */ = {isa = PBXFileReference; lastKnownFileType = folder.assetcatalog; path = Assets.xcassets; sourceTree = "<group>"; };
		6AEC1A7C2085BF07008E0FF8 /* Info.plist */ = {isa = PBXFileReference; lastKnownFileType = text.plist.xml; path = Info.plist; sourceTree = "<group>"; };
		6AEC1A812085BF08008E0FF8 /* PostgameTests.xctest */ = {isa = PBXFileReference; explicitFileType = wrapper.cfbundle; includeInIndex = 0; path = PostgameTests.xctest; sourceTree = BUILT_PRODUCTS_DIR; };
		6AEC1A852085BF08008E0FF8 /* PostgameTests.swift */ = {isa = PBXFileReference; lastKnownFileType = sourcecode.swift; path = PostgameTests.swift; sourceTree = "<group>"; };
		6AEC1A872085BF08008E0FF8 /* Info.plist */ = {isa = PBXFileReference; lastKnownFileType = text.plist.xml; path = Info.plist; sourceTree = "<group>"; };
		6AEC1A8C2085BF08008E0FF8 /* PostgameUITests.xctest */ = {isa = PBXFileReference; explicitFileType = wrapper.cfbundle; includeInIndex = 0; path = PostgameUITests.xctest; sourceTree = BUILT_PRODUCTS_DIR; };
		6AEC1A902085BF08008E0FF8 /* PostgameUITests.swift */ = {isa = PBXFileReference; lastKnownFileType = sourcecode.swift; path = PostgameUITests.swift; sourceTree = "<group>"; };
		6AEC1A922085BF08008E0FF8 /* Info.plist */ = {isa = PBXFileReference; lastKnownFileType = text.plist.xml; path = Info.plist; sourceTree = "<group>"; };
		6AEC1A9F208799B2008E0FF8 /* ViewController+UISetup.swift */ = {isa = PBXFileReference; lastKnownFileType = sourcecode.swift; path = "ViewController+UISetup.swift"; sourceTree = "<group>"; };
		6AEC1AA220879B23008E0FF8 /* extension.swift */ = {isa = PBXFileReference; lastKnownFileType = sourcecode.swift; path = extension.swift; sourceTree = "<group>"; };
		6AEC1AA52087ADC5008E0FF8 /* IndicatorButton.swift */ = {isa = PBXFileReference; lastKnownFileType = sourcecode.swift; path = IndicatorButton.swift; sourceTree = "<group>"; };
		6AEC1AAA2088280B008E0FF8 /* DrawView.swift */ = {isa = PBXFileReference; lastKnownFileType = sourcecode.swift; path = DrawView.swift; sourceTree = "<group>"; };
		6AEC1AAC20882BB0008E0FF8 /* ColorSlider.swift */ = {isa = PBXFileReference; lastKnownFileType = sourcecode.swift; path = ColorSlider.swift; sourceTree = "<group>"; };
		6AEC1AAE20885E8C008E0FF8 /* PhotoLibraryView.swift */ = {isa = PBXFileReference; lastKnownFileType = sourcecode.swift; path = PhotoLibraryView.swift; sourceTree = "<group>"; };
		6AEC1AB02088630C008E0FF8 /* PhotoPickerView.swift */ = {isa = PBXFileReference; lastKnownFileType = sourcecode.swift; path = PhotoPickerView.swift; sourceTree = "<group>"; };
		6AEC1AB42089A698008E0FF8 /* ResizableView.swift */ = {isa = PBXFileReference; lastKnownFileType = sourcecode.swift; path = ResizableView.swift; sourceTree = "<group>"; };
		6AEC1AB62089A6C3008E0FF8 /* DragHandle.swift */ = {isa = PBXFileReference; lastKnownFileType = sourcecode.swift; path = DragHandle.swift; sourceTree = "<group>"; };
		6AF5277F208AC3E80039363B /* GeolocationService.swift */ = {isa = PBXFileReference; lastKnownFileType = sourcecode.swift; path = GeolocationService.swift; sourceTree = "<group>"; };
		6AF52781208AC4190039363B /* CLLocation+Rx.swift */ = {isa = PBXFileReference; lastKnownFileType = sourcecode.swift; path = "CLLocation+Rx.swift"; sourceTree = "<group>"; };
		6AF52783208AC43A0039363B /* RxCLLocationManagerDelegateProxy.swift */ = {isa = PBXFileReference; lastKnownFileType = sourcecode.swift; path = RxCLLocationManagerDelegateProxy.swift; sourceTree = "<group>"; };
		6AF67BFB20DDB1D70096CEA0 /* AWSAPI_QJVZDPTXRF_ResponseSchema.m */ = {isa = PBXFileReference; fileEncoding = 4; lastKnownFileType = sourcecode.c.objc; path = AWSAPI_QJVZDPTXRF_ResponseSchema.m; sourceTree = "<group>"; };
		6AF67BFC20DDB1D70096CEA0 /* AWSAPI_QJVZDPTXRF_PostManagementMobileHubClient.h */ = {isa = PBXFileReference; fileEncoding = 4; lastKnownFileType = sourcecode.c.h; path = AWSAPI_QJVZDPTXRF_PostManagementMobileHubClient.h; sourceTree = "<group>"; };
		6AF67BFD20DDB1D80096CEA0 /* AWSAPI_QJVZDPTXRF_PostManagementMobileHubClient.m */ = {isa = PBXFileReference; fileEncoding = 4; lastKnownFileType = sourcecode.c.objc; path = AWSAPI_QJVZDPTXRF_PostManagementMobileHubClient.m; sourceTree = "<group>"; };
		6AF67BFE20DDB1D80096CEA0 /* AWSAPI_QJVZDPTXRF_RequestSchema.h */ = {isa = PBXFileReference; fileEncoding = 4; lastKnownFileType = sourcecode.c.h; path = AWSAPI_QJVZDPTXRF_RequestSchema.h; sourceTree = "<group>"; };
		6AF67BFF20DDB1D80096CEA0 /* AWSAPI_QJVZDPTXRF_RequestSchema.m */ = {isa = PBXFileReference; fileEncoding = 4; lastKnownFileType = sourcecode.c.objc; path = AWSAPI_QJVZDPTXRF_RequestSchema.m; sourceTree = "<group>"; };
		6AF67C0020DDB1D80096CEA0 /* AWSAPI_QJVZDPTXRF_ResponseSchema.h */ = {isa = PBXFileReference; fileEncoding = 4; lastKnownFileType = sourcecode.c.h; path = AWSAPI_QJVZDPTXRF_ResponseSchema.h; sourceTree = "<group>"; };
		6AFDC42D20EA88B9009ED7E5 /* RectInfo.swift */ = {isa = PBXFileReference; lastKnownFileType = sourcecode.swift; path = RectInfo.swift; sourceTree = "<group>"; };
		6AFDC42F20EA8ACE009ED7E5 /* RectGeometry.swift */ = {isa = PBXFileReference; lastKnownFileType = sourcecode.swift; path = RectGeometry.swift; sourceTree = "<group>"; };
		6AFDC43120EACA25009ED7E5 /* TTL.swift */ = {isa = PBXFileReference; lastKnownFileType = sourcecode.swift; path = TTL.swift; sourceTree = "<group>"; };
		6AFDC43520EAFF57009ED7E5 /* PostNode.swift */ = {isa = PBXFileReference; lastKnownFileType = sourcecode.swift; path = PostNode.swift; sourceTree = "<group>"; };
		A1424D84FBAFFF7B1B5B2869 /* Pods-PostgameUITests.release.xcconfig */ = {isa = PBXFileReference; includeInIndex = 1; lastKnownFileType = text.xcconfig; name = "Pods-PostgameUITests.release.xcconfig"; path = "Pods/Target Support Files/Pods-PostgameUITests/Pods-PostgameUITests.release.xcconfig"; sourceTree = "<group>"; };
		D7C665EFF03E997DD92392CF /* Pods_PostgameUITests.framework */ = {isa = PBXFileReference; explicitFileType = wrapper.framework; includeInIndex = 0; path = Pods_PostgameUITests.framework; sourceTree = BUILT_PRODUCTS_DIR; };
		E7777FCF3D8FDFE72C7E814E /* Pods-Postgame.debug.xcconfig */ = {isa = PBXFileReference; includeInIndex = 1; lastKnownFileType = text.xcconfig; name = "Pods-Postgame.debug.xcconfig"; path = "Pods/Target Support Files/Pods-Postgame/Pods-Postgame.debug.xcconfig"; sourceTree = "<group>"; };
		F5C0036364EEBC281F2A9109 /* Pods-PostgameTests.release.xcconfig */ = {isa = PBXFileReference; includeInIndex = 1; lastKnownFileType = text.xcconfig; name = "Pods-PostgameTests.release.xcconfig"; path = "Pods/Target Support Files/Pods-PostgameTests/Pods-PostgameTests.release.xcconfig"; sourceTree = "<group>"; };
/* End PBXFileReference section */

/* Begin PBXFrameworksBuildPhase section */
		6AEC1A682085BF06008E0FF8 /* Frameworks */ = {
			isa = PBXFrameworksBuildPhase;
			buildActionMask = 2147483647;
			files = (
				342C81AF448FA8D9BBE2BF86 /* Pods_Postgame.framework in Frameworks */,
			);
			runOnlyForDeploymentPostprocessing = 0;
		};
		6AEC1A7E2085BF08008E0FF8 /* Frameworks */ = {
			isa = PBXFrameworksBuildPhase;
			buildActionMask = 2147483647;
			files = (
				D453523150F84F268FA5C265 /* Pods_PostgameTests.framework in Frameworks */,
			);
			runOnlyForDeploymentPostprocessing = 0;
		};
		6AEC1A892085BF08008E0FF8 /* Frameworks */ = {
			isa = PBXFrameworksBuildPhase;
			buildActionMask = 2147483647;
			files = (
				FD6547AD0525C6433731BAF5 /* Pods_PostgameUITests.framework in Frameworks */,
			);
			runOnlyForDeploymentPostprocessing = 0;
		};
/* End PBXFrameworksBuildPhase section */

/* Begin PBXGroup section */
		01C669EC05671D1BD02D7DA3 /* Frameworks */ = {
			isa = PBXGroup;
			children = (
				67F9079E5E578EF2222B8112 /* Pods_Postgame.framework */,
				6560C76AE5F74FF7FEAC5581 /* Pods_PostgameTests.framework */,
				D7C665EFF03E997DD92392CF /* Pods_PostgameUITests.framework */,
			);
			name = Frameworks;
			sourceTree = "<group>";
		};
		455AF6D7F5701CA719C8011E /* Pods */ = {
			isa = PBXGroup;
			children = (
				E7777FCF3D8FDFE72C7E814E /* Pods-Postgame.debug.xcconfig */,
				5FF16130E9A36DB5CAAB89F2 /* Pods-Postgame.release.xcconfig */,
				356CCAECBA440716CFD553EF /* Pods-PostgameTests.debug.xcconfig */,
				F5C0036364EEBC281F2A9109 /* Pods-PostgameTests.release.xcconfig */,
				2C0B4DCA09E94C56E55ED8BE /* Pods-PostgameUITests.debug.xcconfig */,
				A1424D84FBAFFF7B1B5B2869 /* Pods-PostgameUITests.release.xcconfig */,
			);
			name = Pods;
			sourceTree = "<group>";
		};
		6A10CC3221066FD900A5EAE1 /* User */ = {
			isa = PBXGroup;
			children = (
				6A2486CA20FC090600DB2133 /* UserViewController.swift */,
				6A17414E21010819000067CA /* Settings */,
			);
			path = User;
			sourceTree = "<group>";
		};
		6A17414E21010819000067CA /* Settings */ = {
			isa = PBXGroup;
			children = (
				6A17414C2100E2C1000067CA /* SettingsCollectionViewController.swift */,
				6A1741582102903D000067CA /* UpdateNameViewController.swift */,
				6A17415A210297B5000067CA /* UpdateEmailViewController.swift */,
				6A17415C21029B12000067CA /* UpdatePhoneViewController.swift */,
				6A17415E21029DE4000067CA /* VerifyPhoneViewController.swift */,
				6A17416021029F69000067CA /* UpdatePasswordViewController.swift */,
			);
			path = Settings;
			sourceTree = "<group>";
		};
		6A1B549620D01A8700870DC2 /* MultiArray */ = {
			isa = PBXGroup;
			children = (
				6A1B549720D01A8700870DC2 /* Math.swift */,
				6A1B549820D01A8700870DC2 /* UIImage+CVPixelBuffer.swift */,
				6A1B549920D01A8700870DC2 /* Array.swift */,
				6A1B549A20D01A8700870DC2 /* Predictions.swift */,
				6A1B549B20D01A8700870DC2 /* MultiArray.swift */,
				6A1B549C20D01A8700870DC2 /* CVPixelBuffer+Helpers.swift */,
				6A1B549D20D01A8700870DC2 /* NonMaxSuppression.swift */,
				6A1B549E20D01A8700870DC2 /* MLMultiArray+Image.swift */,
			);
			path = MultiArray;
			sourceTree = "<group>";
		};
		6A1B54B320D1BF9E00870DC2 /* AWS */ = {
			isa = PBXGroup;
			children = (
				6A1B54D320D81EF000870DC2 /* DynamoDB */,
				6A1B54BF20D4326700870DC2 /* APIGateway */,
				6AEBAB5520CDF3AE00741EB0 /* S3Servie.swift */,
				6AC6C8FA20F3A73300126391 /* AppSyncService.swift */,
				6A2486CE20FD0F6A00DB2133 /* CognitoService.swift */,
				6A10CC3A2107D51800A5EAE1 /* AWSError.swift */,
			);
			path = AWS;
			sourceTree = "<group>";
		};
		6A1B54BF20D4326700870DC2 /* APIGateway */ = {
			isa = PBXGroup;
			children = (
				6AF67BFC20DDB1D70096CEA0 /* AWSAPI_QJVZDPTXRF_PostManagementMobileHubClient.h */,
				6AF67BFD20DDB1D80096CEA0 /* AWSAPI_QJVZDPTXRF_PostManagementMobileHubClient.m */,
				6AF67BFE20DDB1D80096CEA0 /* AWSAPI_QJVZDPTXRF_RequestSchema.h */,
				6AF67BFF20DDB1D80096CEA0 /* AWSAPI_QJVZDPTXRF_RequestSchema.m */,
				6AF67C0020DDB1D80096CEA0 /* AWSAPI_QJVZDPTXRF_ResponseSchema.h */,
				6AF67BFB20DDB1D70096CEA0 /* AWSAPI_QJVZDPTXRF_ResponseSchema.m */,
				6A1B54CA20D4350400870DC2 /* APIGatewayService.swift */,
				6A1B54C020D4327900870DC2 /* Postgame-Bridging-Header.h */,
			);
			path = APIGateway;
			sourceTree = "<group>";
		};
		6A1B54D320D81EF000870DC2 /* DynamoDB */ = {
			isa = PBXGroup;
			children = (
				6A1B54B120D1BD9A00870DC2 /* Posts.swift */,
				6A8EA74320E1538100B178C1 /* ViewCount.swift */,
				6A1B54CD20D4616F00870DC2 /* DynamoDBService.swift */,
			);
			path = DynamoDB;
			sourceTree = "<group>";
		};
		6A1B54D820D83D7700870DC2 /* Node */ = {
			isa = PBXGroup;
			children = (
				6A1B54D620D83D4200870DC2 /* ContentNode.swift */,
				6A1B54BA20D3012700870DC2 /* ContentScene.swift */,
				6AFDC43520EAFF57009ED7E5 /* PostNode.swift */,
			);
			path = Node;
			sourceTree = "<group>";
		};
		6A2486C920FC088300DB2133 /* Main */ = {
			isa = PBXGroup;
			children = (
				6AEC1A722085BF06008E0FF8 /* ViewController.swift */,
				6AEC1A9F208799B2008E0FF8 /* ViewController+UISetup.swift */,
				6A1B54CF20D47BEC00870DC2 /* ViewController+Gesture.swift */,
			);
			path = Main;
			sourceTree = "<group>";
		};
		6A2486D620FD389300DB2133 /* SignUp */ = {
			isa = PBXGroup;
			children = (
				6A2486D720FD397F00DB2133 /* SignUpBaseViewController.swift */,
				6A2486D420FD388B00DB2133 /* UsernameViewController.swift */,
				6A2486D920FD3ADB00DB2133 /* PasswordViewController.swift */,
				6A2486DB20FD3D4E00DB2133 /* PhoneViewController.swift */,
				6A2486DD20FD3DCF00DB2133 /* EmailViewController.swift */,
				6A2486DF20FD3E0600DB2133 /* ConfirmCodeViewController.swift */,
			);
			path = SignUp;
			sourceTree = "<group>";
		};
		6A2486E320FF805700DB2133 /* SignIn */ = {
			isa = PBXGroup;
			children = (
				6A2486D220FD206200DB2133 /* SignInViewController.swift */,
				6A2486E420FF80C700DB2133 /* ForgotPasswordViewController.swift */,
				6A2486E620FF83E700DB2133 /* ResetPasswordViewController.swift */,
			);
			path = SignIn;
			sourceTree = "<group>";
		};
		6A2486E820FF8ABC00DB2133 /* Authentication */ = {
			isa = PBXGroup;
			children = (
				6A2486D020FD1C9E00DB2133 /* IntroViewController.swift */,
				6A2486D620FD389300DB2133 /* SignUp */,
				6A2486E320FF805700DB2133 /* SignIn */,
			);
			path = Authentication;
			sourceTree = "<group>";
		};
		6A8EA74020E1458900B178C1 /* CountView */ = {
			isa = PBXGroup;
			children = (
				6A93257520D859D600E0C9B4 /* CountView.swift */,
				6A8EA73E20E1255200B178C1 /* TotalView.swift */,
				6A8EA73C20E1254600B178C1 /* HistoryView.swift */,
			);
			path = CountView;
			sourceTree = "<group>";
		};
		6A93257420D8567A00E0C9B4 /* User */ = {
			isa = PBXGroup;
			children = (
				6A8EA74020E1458900B178C1 /* CountView */,
				6A8EA73A20E050D000B178C1 /* UserMenu.swift */,
			);
			path = User;
			sourceTree = "<group>";
		};
		6A98CC6120E416F0003A0E44 /* Fonts */ = {
			isa = PBXGroup;
			children = (
				6A98CC6420E41714003A0E44 /* ka1.ttf */,
				6AC6C8E020E4316A00126391 /* DueDate.ttf */,
				6AC6C8DE20E430F600126391 /* dock_51.ttf */,
				6A98CC6220E41702003A0E44 /* JMH Cthulhumbus Arcade.otf */,
				6AC6C8E420E80F6700126391 /* CP.ttf */,
			);
			path = Fonts;
			sourceTree = "<group>";
		};
		6AEBAB5920CEE20300741EB0 /* RxCLLocation */ = {
			isa = PBXGroup;
			children = (
				6AF52783208AC43A0039363B /* RxCLLocationManagerDelegateProxy.swift */,
				6AF52781208AC4190039363B /* CLLocation+Rx.swift */,
			);
			path = RxCLLocation;
			sourceTree = "<group>";
		};
		6AEBAB5A20CEE24A00741EB0 /* RxARSession */ = {
			isa = PBXGroup;
			children = (
				6AEBAB5720CEDC9000741EB0 /* RxARSessionDelegateProxy.swift */,
				6AEBAB5B20CEE3F000741EB0 /* ARSession+Rx.swift */,
			);
			path = RxARSession;
			sourceTree = "<group>";
		};
		6AEC1A622085BF06008E0FF8 = {
			isa = PBXGroup;
			children = (
				6AEC1A6D2085BF06008E0FF8 /* Postgame */,
				6AEC1A842085BF08008E0FF8 /* PostgameTests */,
				6AEC1A8F2085BF08008E0FF8 /* PostgameUITests */,
				6AEC1A6C2085BF06008E0FF8 /* Products */,
				455AF6D7F5701CA719C8011E /* Pods */,
				01C669EC05671D1BD02D7DA3 /* Frameworks */,
			);
			sourceTree = "<group>";
		};
		6AEC1A6C2085BF06008E0FF8 /* Products */ = {
			isa = PBXGroup;
			children = (
				6AEC1A6B2085BF06008E0FF8 /* Postgame.app */,
				6AEC1A812085BF08008E0FF8 /* PostgameTests.xctest */,
				6AEC1A8C2085BF08008E0FF8 /* PostgameUITests.xctest */,
			);
			name = Products;
			sourceTree = "<group>";
		};
		6AEC1A6D2085BF06008E0FF8 /* Postgame */ = {
			isa = PBXGroup;
			children = (
				6AC6C90C20F511C600126391 /* AppSyncAPI.swift */,
				6AEC1A6E2085BF06008E0FF8 /* AppDelegate.swift */,
				6A8EA74520E16D9800B178C1 /* awsconfiguration.json */,
				6AEC1A9E20879941008E0FF8 /* Controller */,
				6AF5277E208AC3C30039363B /* Model */,
				6AEC1AA42087AD66008E0FF8 /* View */,
				6AEC1AA120879B06008E0FF8 /* Misc */,
				6AEC1A772085BF07008E0FF8 /* Assets.xcassets */,
				6AEC1A7C2085BF07008E0FF8 /* Info.plist */,
				6A1B548A20CF354300870DC2 /* CaffenetExtractor.mlmodel */,
			);
			path = Postgame;
			sourceTree = "<group>";
		};
		6AEC1A842085BF08008E0FF8 /* PostgameTests */ = {
			isa = PBXGroup;
			children = (
				6AEC1A852085BF08008E0FF8 /* PostgameTests.swift */,
				6AEC1A872085BF08008E0FF8 /* Info.plist */,
			);
			path = PostgameTests;
			sourceTree = "<group>";
		};
		6AEC1A8F2085BF08008E0FF8 /* PostgameUITests */ = {
			isa = PBXGroup;
			children = (
				6AEC1A902085BF08008E0FF8 /* PostgameUITests.swift */,
				6AEC1A922085BF08008E0FF8 /* Info.plist */,
			);
			path = PostgameUITests;
			sourceTree = "<group>";
		};
		6AEC1A9E20879941008E0FF8 /* Controller */ = {
			isa = PBXGroup;
			children = (
				6A10CC3221066FD900A5EAE1 /* User */,
				6A2486E820FF8ABC00DB2133 /* Authentication */,
				6A2486C920FC088300DB2133 /* Main */,
				6AC6C8E520E811C800126391 /* LaunchScreen.storyboard */,
				6AC6C91020FBFA2300126391 /* CreationViewController.swift */,
				6A2486E120FE4CAA00DB2133 /* MapViewController.swift */,
			);
			path = Controller;
			sourceTree = "<group>";
		};
		6AEC1AA120879B06008E0FF8 /* Misc */ = {
			isa = PBXGroup;
			children = (
				6A98CC6120E416F0003A0E44 /* Fonts */,
				6AEC1AA220879B23008E0FF8 /* extension.swift */,
				6A1B549020D00D1F00870DC2 /* utility.swift */,
				6A1B549620D01A8700870DC2 /* MultiArray */,
				6AEBAB5A20CEE24A00741EB0 /* RxARSession */,
				6AEBAB5920CEE20300741EB0 /* RxCLLocation */,
				6AC6C8E220E45C3900126391 /* NotificationCenter+Rx.swift */,
				6AC6C8FC20F3A87000126391 /* Constants.swift */,
				6A2486CC20FC0E3E00DB2133 /* ImageCache.swift */,
				6A1741562102808A000067CA /* UserCache.swift */,
			);
			path = Misc;
			sourceTree = "<group>";
		};
		6AEC1AA42087AD66008E0FF8 /* View */ = {
			isa = PBXGroup;
			children = (
				6A1B54B820D2D15900870DC2 /* CreateButton.swift */,
				6AEC1AA72087C3C9008E0FF8 /* Creation */,
				6AEC1AA52087ADC5008E0FF8 /* IndicatorButton.swift */,
				6A1B54D120D47D2E00870DC2 /* LongPressIndicator.swift */,
				6A1B54D820D83D7700870DC2 /* Node */,
				6A93257420D8567A00E0C9B4 /* User */,
				6AC6C90E20F90FD600126391 /* UserButton.swift */,
				6A10CC302106465400A5EAE1 /* MessageLabel.swift */,
				6A10CC382107AB7500A5EAE1 /* TagView.swift */,
			);
			path = View;
			sourceTree = "<group>";
		};
		6AEC1AA72087C3C9008E0FF8 /* Creation */ = {
			isa = PBXGroup;
			children = (
				6AEC1AAA2088280B008E0FF8 /* DrawView.swift */,
				6AEC1AAC20882BB0008E0FF8 /* ColorSlider.swift */,
				6AEC1AB32089A678008E0FF8 /* PhotoPickerView */,
				6AEC1AB22089A65A008E0FF8 /* ResizableView */,
			);
			path = Creation;
			sourceTree = "<group>";
		};
		6AEC1AB22089A65A008E0FF8 /* ResizableView */ = {
			isa = PBXGroup;
			children = (
				6AEC1AB42089A698008E0FF8 /* ResizableView.swift */,
				6AEC1AB62089A6C3008E0FF8 /* DragHandle.swift */,
			);
			path = ResizableView;
			sourceTree = "<group>";
		};
		6AEC1AB32089A678008E0FF8 /* PhotoPickerView */ = {
			isa = PBXGroup;
			children = (
				6AEC1AB02088630C008E0FF8 /* PhotoPickerView.swift */,
				6AEC1AAE20885E8C008E0FF8 /* PhotoLibraryView.swift */,
			);
			path = PhotoPickerView;
			sourceTree = "<group>";
		};
		6AF5277E208AC3C30039363B /* Model */ = {
			isa = PBXGroup;
			children = (
				6A1B54B320D1BF9E00870DC2 /* AWS */,
				6A1B54D420D8253500870DC2 /* Descriptor.swift */,
				6A1B54A920D0764C00870DC2 /* DescriptorCache.swift */,
				6A1B549420D019E500870DC2 /* DescriptorComputer.swift */,
				6AEBAB6020CEEEAC00741EB0 /* RectDetector.swift */,
				6AF5277F208AC3E80039363B /* GeolocationService.swift */,
				6A1B54AD20D1A90B00870DC2 /* PostNodeExtent.swift */,
				6AFDC42D20EA88B9009ED7E5 /* RectInfo.swift */,
				6AFDC42F20EA8ACE009ED7E5 /* RectGeometry.swift */,
				6AFDC43120EACA25009ED7E5 /* TTL.swift */,
			);
			path = Model;
			sourceTree = "<group>";
		};
/* End PBXGroup section */

/* Begin PBXNativeTarget section */
		6AEC1A6A2085BF06008E0FF8 /* Postgame */ = {
			isa = PBXNativeTarget;
			buildConfigurationList = 6AEC1A952085BF08008E0FF8 /* Build configuration list for PBXNativeTarget "Postgame" */;
			buildPhases = (
				4CADC3AC396BF3DE72E5BA3C /* [CP] Check Pods Manifest.lock */,
				6AEC1A672085BF06008E0FF8 /* Sources */,
				6AEC1A682085BF06008E0FF8 /* Frameworks */,
				6AEC1A692085BF06008E0FF8 /* Resources */,
				14757F4F3DD1A63B98ABE9B3 /* [CP] Embed Pods Frameworks */,
				6A1D003E20D9DD4F000A1E10 /* ShellScript */,
			);
			buildRules = (
			);
			dependencies = (
			);
			name = Postgame;
			productName = Postgame;
			productReference = 6AEC1A6B2085BF06008E0FF8 /* Postgame.app */;
			productType = "com.apple.product-type.application";
		};
		6AEC1A802085BF08008E0FF8 /* PostgameTests */ = {
			isa = PBXNativeTarget;
			buildConfigurationList = 6AEC1A982085BF08008E0FF8 /* Build configuration list for PBXNativeTarget "PostgameTests" */;
			buildPhases = (
				F5992403BD28A9BE16AE7349 /* [CP] Check Pods Manifest.lock */,
				6AEC1A7D2085BF08008E0FF8 /* Sources */,
				6AEC1A7E2085BF08008E0FF8 /* Frameworks */,
				6AEC1A7F2085BF08008E0FF8 /* Resources */,
			);
			buildRules = (
			);
			dependencies = (
				6AEC1A832085BF08008E0FF8 /* PBXTargetDependency */,
			);
			name = PostgameTests;
			productName = PostgameTests;
			productReference = 6AEC1A812085BF08008E0FF8 /* PostgameTests.xctest */;
			productType = "com.apple.product-type.bundle.unit-test";
		};
		6AEC1A8B2085BF08008E0FF8 /* PostgameUITests */ = {
			isa = PBXNativeTarget;
			buildConfigurationList = 6AEC1A9B2085BF08008E0FF8 /* Build configuration list for PBXNativeTarget "PostgameUITests" */;
			buildPhases = (
				BA11BBF9BE1D47322CAAAF2B /* [CP] Check Pods Manifest.lock */,
				6AEC1A882085BF08008E0FF8 /* Sources */,
				6AEC1A892085BF08008E0FF8 /* Frameworks */,
				6AEC1A8A2085BF08008E0FF8 /* Resources */,
			);
			buildRules = (
			);
			dependencies = (
				6AEC1A8E2085BF08008E0FF8 /* PBXTargetDependency */,
			);
			name = PostgameUITests;
			productName = PostgameUITests;
			productReference = 6AEC1A8C2085BF08008E0FF8 /* PostgameUITests.xctest */;
			productType = "com.apple.product-type.bundle.ui-testing";
		};
/* End PBXNativeTarget section */

/* Begin PBXProject section */
		6AEC1A632085BF06008E0FF8 /* Project object */ = {
			isa = PBXProject;
			attributes = {
				LastSwiftUpdateCheck = 0940;
				LastUpgradeCheck = 0940;
				ORGANIZATIONNAME = postgame;
				TargetAttributes = {
					6AEC1A6A2085BF06008E0FF8 = {
						CreatedOnToolsVersion = 9.4;
						LastSwiftMigration = 1000;
					};
					6AEC1A802085BF08008E0FF8 = {
						CreatedOnToolsVersion = 9.4;
						TestTargetID = 6AEC1A6A2085BF06008E0FF8;
					};
					6AEC1A8B2085BF08008E0FF8 = {
						CreatedOnToolsVersion = 9.4;
						TestTargetID = 6AEC1A6A2085BF06008E0FF8;
					};
				};
			};
			buildConfigurationList = 6AEC1A662085BF06008E0FF8 /* Build configuration list for PBXProject "Postgame" */;
			compatibilityVersion = "Xcode 9.3";
			developmentRegion = en;
			hasScannedForEncodings = 0;
			knownRegions = (
				en,
				Base,
			);
			mainGroup = 6AEC1A622085BF06008E0FF8;
			productRefGroup = 6AEC1A6C2085BF06008E0FF8 /* Products */;
			projectDirPath = "";
			projectRoot = "";
			targets = (
				6AEC1A6A2085BF06008E0FF8 /* Postgame */,
				6AEC1A802085BF08008E0FF8 /* PostgameTests */,
				6AEC1A8B2085BF08008E0FF8 /* PostgameUITests */,
			);
		};
/* End PBXProject section */

/* Begin PBXResourcesBuildPhase section */
		6AEC1A692085BF06008E0FF8 /* Resources */ = {
			isa = PBXResourcesBuildPhase;
			buildActionMask = 2147483647;
			files = (
				6AFDC42C20E923ED009ED7E5 /* CP.ttf in Resources */,
				6AC6C8DF20E430F600126391 /* dock_51.ttf in Resources */,
				6AC6C8E120E4316A00126391 /* DueDate.ttf in Resources */,
				6A98CC6520E41714003A0E44 /* ka1.ttf in Resources */,
				6A8EA74620E16D9900B178C1 /* awsconfiguration.json in Resources */,
				6AC6C8E620E811C800126391 /* LaunchScreen.storyboard in Resources */,
				6AEC1A782085BF07008E0FF8 /* Assets.xcassets in Resources */,
				6A98CC6320E41702003A0E44 /* JMH Cthulhumbus Arcade.otf in Resources */,
			);
			runOnlyForDeploymentPostprocessing = 0;
		};
		6AEC1A7F2085BF08008E0FF8 /* Resources */ = {
			isa = PBXResourcesBuildPhase;
			buildActionMask = 2147483647;
			files = (
			);
			runOnlyForDeploymentPostprocessing = 0;
		};
		6AEC1A8A2085BF08008E0FF8 /* Resources */ = {
			isa = PBXResourcesBuildPhase;
			buildActionMask = 2147483647;
			files = (
			);
			runOnlyForDeploymentPostprocessing = 0;
		};
/* End PBXResourcesBuildPhase section */

/* Begin PBXShellScriptBuildPhase section */
		14757F4F3DD1A63B98ABE9B3 /* [CP] Embed Pods Frameworks */ = {
			isa = PBXShellScriptBuildPhase;
			buildActionMask = 2147483647;
			files = (
			);
			inputPaths = (
				"${SRCROOT}/Pods/Target Support Files/Pods-Postgame/Pods-Postgame-frameworks.sh",
				"${BUILT_PRODUCTS_DIR}/AWSAPIGateway/AWSAPIGateway.framework",
				"${BUILT_PRODUCTS_DIR}/AWSAppSync/AWSAppSync.framework",
				"${BUILT_PRODUCTS_DIR}/AWSAuthCore/AWSAuthCore.framework",
				"${BUILT_PRODUCTS_DIR}/AWSAuthUI/AWSAuthUI.framework",
				"${BUILT_PRODUCTS_DIR}/AWSCognito/AWSCognito.framework",
				"${BUILT_PRODUCTS_DIR}/AWSCognitoIdentityProvider/AWSCognitoIdentityProvider.framework",
				"${BUILT_PRODUCTS_DIR}/AWSCognitoIdentityProviderASF/AWSCognitoIdentityProviderASF.framework",
				"${BUILT_PRODUCTS_DIR}/AWSCore/AWSCore.framework",
				"${BUILT_PRODUCTS_DIR}/AWSDynamoDB/AWSDynamoDB.framework",
				"${BUILT_PRODUCTS_DIR}/AWSMobileClient/AWSMobileClient.framework",
				"${BUILT_PRODUCTS_DIR}/AWSS3/AWSS3.framework",
				"${BUILT_PRODUCTS_DIR}/AWSUserPoolsSignIn/AWSUserPoolsSignIn.framework",
				"${BUILT_PRODUCTS_DIR}/ChameleonFramework/ChameleonFramework.framework",
				"${BUILT_PRODUCTS_DIR}/KeychainSwift/KeychainSwift.framework",
				"${PODS_ROOT}/Mapbox-iOS-SDK/dynamic/Mapbox.framework",
				"${PODS_ROOT}/Mapbox-iOS-SDK/dynamic/Mapbox.framework.dSYM",
				"${BUILT_PRODUCTS_DIR}/NVActivityIndicatorView/NVActivityIndicatorView.framework",
				"${BUILT_PRODUCTS_DIR}/PhoneNumberKit/PhoneNumberKit.framework",
				"${BUILT_PRODUCTS_DIR}/ReachabilitySwift/Reachability.framework",
				"${BUILT_PRODUCTS_DIR}/RxCocoa/RxCocoa.framework",
				"${BUILT_PRODUCTS_DIR}/RxSwift/RxSwift.framework",
				"${BUILT_PRODUCTS_DIR}/SQLite.swift/SQLite.framework",
				"${BUILT_PRODUCTS_DIR}/Spring/Spring.framework",
				"${BUILT_PRODUCTS_DIR}/TextFieldEffects/TextFieldEffects.framework",
			);
			name = "[CP] Embed Pods Frameworks";
			outputPaths = (
				"${TARGET_BUILD_DIR}/${FRAMEWORKS_FOLDER_PATH}/AWSAPIGateway.framework",
				"${TARGET_BUILD_DIR}/${FRAMEWORKS_FOLDER_PATH}/AWSAppSync.framework",
				"${TARGET_BUILD_DIR}/${FRAMEWORKS_FOLDER_PATH}/AWSAuthCore.framework",
				"${TARGET_BUILD_DIR}/${FRAMEWORKS_FOLDER_PATH}/AWSAuthUI.framework",
				"${TARGET_BUILD_DIR}/${FRAMEWORKS_FOLDER_PATH}/AWSCognito.framework",
				"${TARGET_BUILD_DIR}/${FRAMEWORKS_FOLDER_PATH}/AWSCognitoIdentityProvider.framework",
				"${TARGET_BUILD_DIR}/${FRAMEWORKS_FOLDER_PATH}/AWSCognitoIdentityProviderASF.framework",
				"${TARGET_BUILD_DIR}/${FRAMEWORKS_FOLDER_PATH}/AWSCore.framework",
				"${TARGET_BUILD_DIR}/${FRAMEWORKS_FOLDER_PATH}/AWSDynamoDB.framework",
				"${TARGET_BUILD_DIR}/${FRAMEWORKS_FOLDER_PATH}/AWSMobileClient.framework",
				"${TARGET_BUILD_DIR}/${FRAMEWORKS_FOLDER_PATH}/AWSS3.framework",
				"${TARGET_BUILD_DIR}/${FRAMEWORKS_FOLDER_PATH}/AWSUserPoolsSignIn.framework",
				"${TARGET_BUILD_DIR}/${FRAMEWORKS_FOLDER_PATH}/ChameleonFramework.framework",
				"${TARGET_BUILD_DIR}/${FRAMEWORKS_FOLDER_PATH}/KeychainSwift.framework",
				"${TARGET_BUILD_DIR}/${FRAMEWORKS_FOLDER_PATH}/Mapbox.framework",
				"${DWARF_DSYM_FOLDER_PATH}/Mapbox.framework.dSYM",
				"${TARGET_BUILD_DIR}/${FRAMEWORKS_FOLDER_PATH}/NVActivityIndicatorView.framework",
				"${TARGET_BUILD_DIR}/${FRAMEWORKS_FOLDER_PATH}/PhoneNumberKit.framework",
				"${TARGET_BUILD_DIR}/${FRAMEWORKS_FOLDER_PATH}/Reachability.framework",
				"${TARGET_BUILD_DIR}/${FRAMEWORKS_FOLDER_PATH}/RxCocoa.framework",
				"${TARGET_BUILD_DIR}/${FRAMEWORKS_FOLDER_PATH}/RxSwift.framework",
				"${TARGET_BUILD_DIR}/${FRAMEWORKS_FOLDER_PATH}/SQLite.framework",
				"${TARGET_BUILD_DIR}/${FRAMEWORKS_FOLDER_PATH}/Spring.framework",
				"${TARGET_BUILD_DIR}/${FRAMEWORKS_FOLDER_PATH}/TextFieldEffects.framework",
			);
			runOnlyForDeploymentPostprocessing = 0;
			shellPath = /bin/sh;
			shellScript = "\"${SRCROOT}/Pods/Target Support Files/Pods-Postgame/Pods-Postgame-frameworks.sh\"\n";
			showEnvVarsInLog = 0;
		};
		4CADC3AC396BF3DE72E5BA3C /* [CP] Check Pods Manifest.lock */ = {
			isa = PBXShellScriptBuildPhase;
			buildActionMask = 2147483647;
			files = (
			);
			inputPaths = (
				"${PODS_PODFILE_DIR_PATH}/Podfile.lock",
				"${PODS_ROOT}/Manifest.lock",
			);
			name = "[CP] Check Pods Manifest.lock";
			outputPaths = (
				"$(DERIVED_FILE_DIR)/Pods-Postgame-checkManifestLockResult.txt",
			);
			runOnlyForDeploymentPostprocessing = 0;
			shellPath = /bin/sh;
			shellScript = "diff \"${PODS_PODFILE_DIR_PATH}/Podfile.lock\" \"${PODS_ROOT}/Manifest.lock\" > /dev/null\nif [ $? != 0 ] ; then\n    # print error to STDERR\n    echo \"error: The sandbox is not in sync with the Podfile.lock. Run 'pod install' or update your CocoaPods installation.\" >&2\n    exit 1\nfi\n# This output is used by Xcode 'outputs' to avoid re-running this script phase.\necho \"SUCCESS\" > \"${SCRIPT_OUTPUT_FILE_0}\"\n";
			showEnvVarsInLog = 0;
		};
		6A1D003E20D9DD4F000A1E10 /* ShellScript */ = {
			isa = PBXShellScriptBuildPhase;
			buildActionMask = 2147483647;
			files = (
			);
			inputPaths = (
			);
			outputPaths = (
			);
			runOnlyForDeploymentPostprocessing = 0;
			shellPath = /bin/sh;
			shellScript = "\"${PODS_ROOT}/Fabric/run\" 0eb79a4760f1ca34ced1847564d75567379e9d19 638c3470b0852e449d2966ae83dfd376625f782b93c01b7051883ffb650dcd40";
		};
		BA11BBF9BE1D47322CAAAF2B /* [CP] Check Pods Manifest.lock */ = {
			isa = PBXShellScriptBuildPhase;
			buildActionMask = 2147483647;
			files = (
			);
			inputPaths = (
				"${PODS_PODFILE_DIR_PATH}/Podfile.lock",
				"${PODS_ROOT}/Manifest.lock",
			);
			name = "[CP] Check Pods Manifest.lock";
			outputPaths = (
				"$(DERIVED_FILE_DIR)/Pods-PostgameUITests-checkManifestLockResult.txt",
			);
			runOnlyForDeploymentPostprocessing = 0;
			shellPath = /bin/sh;
			shellScript = "diff \"${PODS_PODFILE_DIR_PATH}/Podfile.lock\" \"${PODS_ROOT}/Manifest.lock\" > /dev/null\nif [ $? != 0 ] ; then\n    # print error to STDERR\n    echo \"error: The sandbox is not in sync with the Podfile.lock. Run 'pod install' or update your CocoaPods installation.\" >&2\n    exit 1\nfi\n# This output is used by Xcode 'outputs' to avoid re-running this script phase.\necho \"SUCCESS\" > \"${SCRIPT_OUTPUT_FILE_0}\"\n";
			showEnvVarsInLog = 0;
		};
		F5992403BD28A9BE16AE7349 /* [CP] Check Pods Manifest.lock */ = {
			isa = PBXShellScriptBuildPhase;
			buildActionMask = 2147483647;
			files = (
			);
			inputPaths = (
				"${PODS_PODFILE_DIR_PATH}/Podfile.lock",
				"${PODS_ROOT}/Manifest.lock",
			);
			name = "[CP] Check Pods Manifest.lock";
			outputPaths = (
				"$(DERIVED_FILE_DIR)/Pods-PostgameTests-checkManifestLockResult.txt",
			);
			runOnlyForDeploymentPostprocessing = 0;
			shellPath = /bin/sh;
			shellScript = "diff \"${PODS_PODFILE_DIR_PATH}/Podfile.lock\" \"${PODS_ROOT}/Manifest.lock\" > /dev/null\nif [ $? != 0 ] ; then\n    # print error to STDERR\n    echo \"error: The sandbox is not in sync with the Podfile.lock. Run 'pod install' or update your CocoaPods installation.\" >&2\n    exit 1\nfi\n# This output is used by Xcode 'outputs' to avoid re-running this script phase.\necho \"SUCCESS\" > \"${SCRIPT_OUTPUT_FILE_0}\"\n";
			showEnvVarsInLog = 0;
		};
/* End PBXShellScriptBuildPhase section */

/* Begin PBXSourcesBuildPhase section */
		6AEC1A672085BF06008E0FF8 /* Sources */ = {
			isa = PBXSourcesBuildPhase;
			buildActionMask = 2147483647;
			files = (
				6A2486CD20FC0E3E00DB2133 /* ImageCache.swift in Sources */,
				6A1741572102808A000067CA /* UserCache.swift in Sources */,
				6A10CC312106465400A5EAE1 /* MessageLabel.swift in Sources */,
				6A2486D520FD388B00DB2133 /* UsernameViewController.swift in Sources */,
				6A17416121029F69000067CA /* UpdatePasswordViewController.swift in Sources */,
				6A2486D820FD397F00DB2133 /* SignUpBaseViewController.swift in Sources */,
				6AC6C90D20F511C700126391 /* AppSyncAPI.swift in Sources */,
				6A1B54B220D1BD9B00870DC2 /* Posts.swift in Sources */,
				6AEC1A732085BF06008E0FF8 /* ViewController.swift in Sources */,
				6AF52782208AC4190039363B /* CLLocation+Rx.swift in Sources */,
				6A1B54B920D2D15900870DC2 /* CreateButton.swift in Sources */,
				6A1B54D720D83D4200870DC2 /* ContentNode.swift in Sources */,
				6AC6C90F20F90FD600126391 /* UserButton.swift in Sources */,
				6A1B54A120D01A8700870DC2 /* Array.swift in Sources */,
				6A1B549120D00D1F00870DC2 /* utility.swift in Sources */,
				6A2486DE20FD3DCF00DB2133 /* EmailViewController.swift in Sources */,
				6A1B54A020D01A8700870DC2 /* UIImage+CVPixelBuffer.swift in Sources */,
				6A1B54D520D8253500870DC2 /* Descriptor.swift in Sources */,
				6AEC1AB72089A6C3008E0FF8 /* DragHandle.swift in Sources */,
				6A1B54CB20D4350400870DC2 /* APIGatewayService.swift in Sources */,
				6AF67C0320DDB1D90096CEA0 /* AWSAPI_QJVZDPTXRF_RequestSchema.m in Sources */,
				6AC6C8FB20F3A73300126391 /* AppSyncService.swift in Sources */,
				6A8EA73D20E1254600B178C1 /* HistoryView.swift in Sources */,
				6A1B54A520D01A8700870DC2 /* NonMaxSuppression.swift in Sources */,
				6A1B54BB20D3012700870DC2 /* ContentScene.swift in Sources */,
				6AEC1A6F2085BF06008E0FF8 /* AppDelegate.swift in Sources */,
				6AEC1AAB2088280B008E0FF8 /* DrawView.swift in Sources */,
				6A2486DA20FD3ADB00DB2133 /* PasswordViewController.swift in Sources */,
				6A1B54AE20D1A90C00870DC2 /* PostNodeExtent.swift in Sources */,
				6AFDC43620EAFF57009ED7E5 /* PostNode.swift in Sources */,
				6A10CC3B2107D51800A5EAE1 /* AWSError.swift in Sources */,
				6A17415F21029DE4000067CA /* VerifyPhoneViewController.swift in Sources */,
				6A2486D320FD206200DB2133 /* SignInViewController.swift in Sources */,
				6AC6C8FD20F3A87000126391 /* Constants.swift in Sources */,
				6AFDC43020EA8ACE009ED7E5 /* RectGeometry.swift in Sources */,
				6A1B54AA20D0764C00870DC2 /* DescriptorCache.swift in Sources */,
				6A2486E720FF83E700DB2133 /* ResetPasswordViewController.swift in Sources */,
				6AF67C0120DDB1D90096CEA0 /* AWSAPI_QJVZDPTXRF_ResponseSchema.m in Sources */,
				6A1B54D220D47D2E00870DC2 /* LongPressIndicator.swift in Sources */,
				6AEC1AB12088630C008E0FF8 /* PhotoPickerView.swift in Sources */,
				6AEBAB6120CEEEAC00741EB0 /* RectDetector.swift in Sources */,
				6AC6C91120FBFA2300126391 /* CreationViewController.swift in Sources */,
				6A1B549520D019E500870DC2 /* DescriptorComputer.swift in Sources */,
				6A1B54A320D01A8700870DC2 /* MultiArray.swift in Sources */,
				6AF67C0220DDB1D90096CEA0 /* AWSAPI_QJVZDPTXRF_PostManagementMobileHubClient.m in Sources */,
				6A10CC392107AB7500A5EAE1 /* TagView.swift in Sources */,
				6A8EA73F20E1255200B178C1 /* TotalView.swift in Sources */,
				6AEC1AA62087ADC5008E0FF8 /* IndicatorButton.swift in Sources */,
				6AFDC43220EACA25009ED7E5 /* TTL.swift in Sources */,
				6A17415D21029B12000067CA /* UpdatePhoneViewController.swift in Sources */,
				6A1B549F20D01A8700870DC2 /* Math.swift in Sources */,
				6A2486E020FD3E0600DB2133 /* ConfirmCodeViewController.swift in Sources */,
				6A2486DC20FD3D4E00DB2133 /* PhoneViewController.swift in Sources */,
				6A2486CB20FC090600DB2133 /* UserViewController.swift in Sources */,
				6AEC1AA0208799B2008E0FF8 /* ViewController+UISetup.swift in Sources */,
				6AF52780208AC3E80039363B /* GeolocationService.swift in Sources */,
				6AEC1AA320879B23008E0FF8 /* extension.swift in Sources */,
				6A1B54A420D01A8700870DC2 /* CVPixelBuffer+Helpers.swift in Sources */,
				6A2486CF20FD0F6A00DB2133 /* CognitoService.swift in Sources */,
				6A1741592102903D000067CA /* UpdateNameViewController.swift in Sources */,
				6AC6C8E320E45C3900126391 /* NotificationCenter+Rx.swift in Sources */,
				6AEC1AB52089A698008E0FF8 /* ResizableView.swift in Sources */,
				6A2486D120FD1C9E00DB2133 /* IntroViewController.swift in Sources */,
				6A2486E220FE4CAA00DB2133 /* MapViewController.swift in Sources */,
				6AEC1AAF20885E8C008E0FF8 /* PhotoLibraryView.swift in Sources */,
				6AEBAB5C20CEE3F000741EB0 /* ARSession+Rx.swift in Sources */,
				6A17415B210297B5000067CA /* UpdateEmailViewController.swift in Sources */,
				6A1B54A620D01A8700870DC2 /* MLMultiArray+Image.swift in Sources */,
				6A8EA73B20E050D000B178C1 /* UserMenu.swift in Sources */,
				6AFDC42E20EA88B9009ED7E5 /* RectInfo.swift in Sources */,
				6A2486E520FF80C700DB2133 /* ForgotPasswordViewController.swift in Sources */,
				6A1B54D020D47BEC00870DC2 /* ViewController+Gesture.swift in Sources */,
				6AEC1AAD20882BB0008E0FF8 /* ColorSlider.swift in Sources */,
				6A1B548B20CF354300870DC2 /* CaffenetExtractor.mlmodel in Sources */,
				6AF52784208AC43A0039363B /* RxCLLocationManagerDelegateProxy.swift in Sources */,
				6A1B54A220D01A8700870DC2 /* Predictions.swift in Sources */,
				6A8EA74420E1538100B178C1 /* ViewCount.swift in Sources */,
				6AEBAB5820CEDC9000741EB0 /* RxARSessionDelegateProxy.swift in Sources */,
				6A93257620D859D600E0C9B4 /* CountView.swift in Sources */,
				6AEBAB5620CDF3AE00741EB0 /* S3Servie.swift in Sources */,
				6A1B54CE20D4616F00870DC2 /* DynamoDBService.swift in Sources */,
				6A17414D2100E2C1000067CA /* SettingsCollectionViewController.swift in Sources */,
			);
			runOnlyForDeploymentPostprocessing = 0;
		};
		6AEC1A7D2085BF08008E0FF8 /* Sources */ = {
			isa = PBXSourcesBuildPhase;
			buildActionMask = 2147483647;
			files = (
				6AEC1A862085BF08008E0FF8 /* PostgameTests.swift in Sources */,
			);
			runOnlyForDeploymentPostprocessing = 0;
		};
		6AEC1A882085BF08008E0FF8 /* Sources */ = {
			isa = PBXSourcesBuildPhase;
			buildActionMask = 2147483647;
			files = (
				6AEC1A912085BF08008E0FF8 /* PostgameUITests.swift in Sources */,
			);
			runOnlyForDeploymentPostprocessing = 0;
		};
/* End PBXSourcesBuildPhase section */

/* Begin PBXTargetDependency section */
		6AEC1A832085BF08008E0FF8 /* PBXTargetDependency */ = {
			isa = PBXTargetDependency;
			target = 6AEC1A6A2085BF06008E0FF8 /* Postgame */;
			targetProxy = 6AEC1A822085BF08008E0FF8 /* PBXContainerItemProxy */;
		};
		6AEC1A8E2085BF08008E0FF8 /* PBXTargetDependency */ = {
			isa = PBXTargetDependency;
			target = 6AEC1A6A2085BF06008E0FF8 /* Postgame */;
			targetProxy = 6AEC1A8D2085BF08008E0FF8 /* PBXContainerItemProxy */;
		};
/* End PBXTargetDependency section */

/* Begin XCBuildConfiguration section */
		6AEC1A932085BF08008E0FF8 /* Debug */ = {
			isa = XCBuildConfiguration;
			buildSettings = {
				ALWAYS_SEARCH_USER_PATHS = NO;
				CLANG_ANALYZER_NONNULL = YES;
				CLANG_ANALYZER_NUMBER_OBJECT_CONVERSION = YES_AGGRESSIVE;
				CLANG_CXX_LANGUAGE_STANDARD = "gnu++14";
				CLANG_CXX_LIBRARY = "libc++";
				CLANG_ENABLE_MODULES = YES;
				CLANG_ENABLE_OBJC_ARC = YES;
				CLANG_ENABLE_OBJC_WEAK = YES;
				CLANG_WARN_BLOCK_CAPTURE_AUTORELEASING = YES;
				CLANG_WARN_BOOL_CONVERSION = YES;
				CLANG_WARN_COMMA = YES;
				CLANG_WARN_CONSTANT_CONVERSION = YES;
				CLANG_WARN_DEPRECATED_OBJC_IMPLEMENTATIONS = YES;
				CLANG_WARN_DIRECT_OBJC_ISA_USAGE = YES_ERROR;
				CLANG_WARN_DOCUMENTATION_COMMENTS = YES;
				CLANG_WARN_EMPTY_BODY = YES;
				CLANG_WARN_ENUM_CONVERSION = YES;
				CLANG_WARN_INFINITE_RECURSION = YES;
				CLANG_WARN_INT_CONVERSION = YES;
				CLANG_WARN_NON_LITERAL_NULL_CONVERSION = YES;
				CLANG_WARN_OBJC_IMPLICIT_RETAIN_SELF = YES;
				CLANG_WARN_OBJC_LITERAL_CONVERSION = YES;
				CLANG_WARN_OBJC_ROOT_CLASS = YES_ERROR;
				CLANG_WARN_RANGE_LOOP_ANALYSIS = YES;
				CLANG_WARN_STRICT_PROTOTYPES = YES;
				CLANG_WARN_SUSPICIOUS_MOVE = YES;
				CLANG_WARN_UNGUARDED_AVAILABILITY = YES_AGGRESSIVE;
				CLANG_WARN_UNREACHABLE_CODE = YES;
				CLANG_WARN__DUPLICATE_METHOD_MATCH = YES;
				CODE_SIGN_IDENTITY = "iPhone Developer";
				COPY_PHASE_STRIP = NO;
				DEBUG_INFORMATION_FORMAT = dwarf;
				ENABLE_STRICT_OBJC_MSGSEND = YES;
				ENABLE_TESTABILITY = YES;
				GCC_C_LANGUAGE_STANDARD = gnu11;
				GCC_DYNAMIC_NO_PIC = NO;
				GCC_NO_COMMON_BLOCKS = YES;
				GCC_OPTIMIZATION_LEVEL = 0;
				GCC_PREPROCESSOR_DEFINITIONS = (
					"DEBUG=1",
					"$(inherited)",
				);
				GCC_WARN_64_TO_32_BIT_CONVERSION = YES;
				GCC_WARN_ABOUT_RETURN_TYPE = YES_ERROR;
				GCC_WARN_UNDECLARED_SELECTOR = YES;
				GCC_WARN_UNINITIALIZED_AUTOS = YES_AGGRESSIVE;
				GCC_WARN_UNUSED_FUNCTION = YES;
				GCC_WARN_UNUSED_VARIABLE = YES;
				IPHONEOS_DEPLOYMENT_TARGET = 11.4;
				MTL_ENABLE_DEBUG_INFO = YES;
				ONLY_ACTIVE_ARCH = YES;
				SDKROOT = iphoneos;
				SWIFT_ACTIVE_COMPILATION_CONDITIONS = DEBUG;
				SWIFT_OPTIMIZATION_LEVEL = "-Onone";
			};
			name = Debug;
		};
		6AEC1A942085BF08008E0FF8 /* Release */ = {
			isa = XCBuildConfiguration;
			buildSettings = {
				ALWAYS_SEARCH_USER_PATHS = NO;
				CLANG_ANALYZER_NONNULL = YES;
				CLANG_ANALYZER_NUMBER_OBJECT_CONVERSION = YES_AGGRESSIVE;
				CLANG_CXX_LANGUAGE_STANDARD = "gnu++14";
				CLANG_CXX_LIBRARY = "libc++";
				CLANG_ENABLE_MODULES = YES;
				CLANG_ENABLE_OBJC_ARC = YES;
				CLANG_ENABLE_OBJC_WEAK = YES;
				CLANG_WARN_BLOCK_CAPTURE_AUTORELEASING = YES;
				CLANG_WARN_BOOL_CONVERSION = YES;
				CLANG_WARN_COMMA = YES;
				CLANG_WARN_CONSTANT_CONVERSION = YES;
				CLANG_WARN_DEPRECATED_OBJC_IMPLEMENTATIONS = YES;
				CLANG_WARN_DIRECT_OBJC_ISA_USAGE = YES_ERROR;
				CLANG_WARN_DOCUMENTATION_COMMENTS = YES;
				CLANG_WARN_EMPTY_BODY = YES;
				CLANG_WARN_ENUM_CONVERSION = YES;
				CLANG_WARN_INFINITE_RECURSION = YES;
				CLANG_WARN_INT_CONVERSION = YES;
				CLANG_WARN_NON_LITERAL_NULL_CONVERSION = YES;
				CLANG_WARN_OBJC_IMPLICIT_RETAIN_SELF = YES;
				CLANG_WARN_OBJC_LITERAL_CONVERSION = YES;
				CLANG_WARN_OBJC_ROOT_CLASS = YES_ERROR;
				CLANG_WARN_RANGE_LOOP_ANALYSIS = YES;
				CLANG_WARN_STRICT_PROTOTYPES = YES;
				CLANG_WARN_SUSPICIOUS_MOVE = YES;
				CLANG_WARN_UNGUARDED_AVAILABILITY = YES_AGGRESSIVE;
				CLANG_WARN_UNREACHABLE_CODE = YES;
				CLANG_WARN__DUPLICATE_METHOD_MATCH = YES;
				CODE_SIGN_IDENTITY = "iPhone Developer";
				COPY_PHASE_STRIP = NO;
				DEBUG_INFORMATION_FORMAT = "dwarf-with-dsym";
				ENABLE_NS_ASSERTIONS = NO;
				ENABLE_STRICT_OBJC_MSGSEND = YES;
				GCC_C_LANGUAGE_STANDARD = gnu11;
				GCC_NO_COMMON_BLOCKS = YES;
				GCC_WARN_64_TO_32_BIT_CONVERSION = YES;
				GCC_WARN_ABOUT_RETURN_TYPE = YES_ERROR;
				GCC_WARN_UNDECLARED_SELECTOR = YES;
				GCC_WARN_UNINITIALIZED_AUTOS = YES_AGGRESSIVE;
				GCC_WARN_UNUSED_FUNCTION = YES;
				GCC_WARN_UNUSED_VARIABLE = YES;
				IPHONEOS_DEPLOYMENT_TARGET = 11.4;
				MTL_ENABLE_DEBUG_INFO = NO;
				SDKROOT = iphoneos;
				SWIFT_COMPILATION_MODE = wholemodule;
				SWIFT_OPTIMIZATION_LEVEL = "-O";
				VALIDATE_PRODUCT = YES;
			};
			name = Release;
		};
		6AEC1A962085BF08008E0FF8 /* Debug */ = {
			isa = XCBuildConfiguration;
			baseConfigurationReference = E7777FCF3D8FDFE72C7E814E /* Pods-Postgame.debug.xcconfig */;
			buildSettings = {
				ASSETCATALOG_COMPILER_APPICON_NAME = AppIcon;
				CLANG_ENABLE_MODULES = YES;
				CODE_SIGN_IDENTITY = "iPhone Developer";
				CODE_SIGN_STYLE = Automatic;
				DEBUG_INFORMATION_FORMAT = "dwarf-with-dsym";
				DEVELOPMENT_TEAM = 24G6VR25PU;
				INFOPLIST_FILE = Postgame/Info.plist;
				LD_RUNPATH_SEARCH_PATHS = (
					"$(inherited)",
					"@executable_path/Frameworks",
				);
				PRODUCT_BUNDLE_IDENTIFIER = com.postgame.Postgame;
				PRODUCT_NAME = "$(TARGET_NAME)";
				PROVISIONING_PROFILE = "";
				PROVISIONING_PROFILE_SPECIFIER = "";
				SWIFT_OBJC_BRIDGING_HEADER = "Postgame/Model/AWS/APIGateway/Postgame-Bridging-Header.h";
				SWIFT_OPTIMIZATION_LEVEL = "-Onone";
				SWIFT_VERSION = 4.0;
				TARGETED_DEVICE_FAMILY = "1,2";
			};
			name = Debug;
		};
		6AEC1A972085BF08008E0FF8 /* Release */ = {
			isa = XCBuildConfiguration;
			baseConfigurationReference = 5FF16130E9A36DB5CAAB89F2 /* Pods-Postgame.release.xcconfig */;
			buildSettings = {
				ASSETCATALOG_COMPILER_APPICON_NAME = AppIcon;
				CLANG_ENABLE_MODULES = YES;
				CODE_SIGN_IDENTITY = "iPhone Developer";
				CODE_SIGN_STYLE = Automatic;
				DEVELOPMENT_TEAM = 24G6VR25PU;
				GCC_OPTIMIZATION_LEVEL = s;
				INFOPLIST_FILE = Postgame/Info.plist;
				LD_RUNPATH_SEARCH_PATHS = (
					"$(inherited)",
					"@executable_path/Frameworks",
				);
				PRODUCT_BUNDLE_IDENTIFIER = com.postgame.Postgame;
				PRODUCT_NAME = "$(TARGET_NAME)";
				PROVISIONING_PROFILE = "";
				PROVISIONING_PROFILE_SPECIFIER = "";
				SWIFT_OBJC_BRIDGING_HEADER = "Postgame/Model/AWS/APIGateway/Postgame-Bridging-Header.h";
				SWIFT_VERSION = 4.0;
				TARGETED_DEVICE_FAMILY = "1,2";
			};
			name = Release;
		};
		6AEC1A992085BF08008E0FF8 /* Debug */ = {
			isa = XCBuildConfiguration;
			baseConfigurationReference = 356CCAECBA440716CFD553EF /* Pods-PostgameTests.debug.xcconfig */;
			buildSettings = {
				ALWAYS_EMBED_SWIFT_STANDARD_LIBRARIES = YES;
				BUNDLE_LOADER = "$(TEST_HOST)";
				CODE_SIGN_STYLE = Automatic;
				DEVELOPMENT_TEAM = 24G6VR25PU;
				INFOPLIST_FILE = PostgameTests/Info.plist;
				LD_RUNPATH_SEARCH_PATHS = (
					"$(inherited)",
					"@executable_path/Frameworks",
					"@loader_path/Frameworks",
				);
				PRODUCT_BUNDLE_IDENTIFIER = com.postgame.PostgameTests;
				PRODUCT_NAME = "$(TARGET_NAME)";
				SWIFT_VERSION = 4.0;
				TARGETED_DEVICE_FAMILY = "1,2";
				TEST_HOST = "$(BUILT_PRODUCTS_DIR)/Postgame.app/Postgame";
			};
			name = Debug;
		};
		6AEC1A9A2085BF08008E0FF8 /* Release */ = {
			isa = XCBuildConfiguration;
			baseConfigurationReference = F5C0036364EEBC281F2A9109 /* Pods-PostgameTests.release.xcconfig */;
			buildSettings = {
				ALWAYS_EMBED_SWIFT_STANDARD_LIBRARIES = YES;
				BUNDLE_LOADER = "$(TEST_HOST)";
				CODE_SIGN_STYLE = Automatic;
				DEVELOPMENT_TEAM = 24G6VR25PU;
				INFOPLIST_FILE = PostgameTests/Info.plist;
				LD_RUNPATH_SEARCH_PATHS = (
					"$(inherited)",
					"@executable_path/Frameworks",
					"@loader_path/Frameworks",
				);
				PRODUCT_BUNDLE_IDENTIFIER = com.postgame.PostgameTests;
				PRODUCT_NAME = "$(TARGET_NAME)";
				SWIFT_VERSION = 4.0;
				TARGETED_DEVICE_FAMILY = "1,2";
				TEST_HOST = "$(BUILT_PRODUCTS_DIR)/Postgame.app/Postgame";
			};
			name = Release;
		};
		6AEC1A9C2085BF08008E0FF8 /* Debug */ = {
			isa = XCBuildConfiguration;
			baseConfigurationReference = 2C0B4DCA09E94C56E55ED8BE /* Pods-PostgameUITests.debug.xcconfig */;
			buildSettings = {
				ALWAYS_EMBED_SWIFT_STANDARD_LIBRARIES = YES;
				CODE_SIGN_STYLE = Automatic;
				DEVELOPMENT_TEAM = 24G6VR25PU;
				INFOPLIST_FILE = PostgameUITests/Info.plist;
				LD_RUNPATH_SEARCH_PATHS = (
					"$(inherited)",
					"@executable_path/Frameworks",
					"@loader_path/Frameworks",
				);
				PRODUCT_BUNDLE_IDENTIFIER = com.postgame.PostgameUITests;
				PRODUCT_NAME = "$(TARGET_NAME)";
				SWIFT_VERSION = 4.0;
				TARGETED_DEVICE_FAMILY = "1,2";
				TEST_TARGET_NAME = Postgame;
			};
			name = Debug;
		};
		6AEC1A9D2085BF08008E0FF8 /* Release */ = {
			isa = XCBuildConfiguration;
			baseConfigurationReference = A1424D84FBAFFF7B1B5B2869 /* Pods-PostgameUITests.release.xcconfig */;
			buildSettings = {
				ALWAYS_EMBED_SWIFT_STANDARD_LIBRARIES = YES;
				CODE_SIGN_STYLE = Automatic;
				DEVELOPMENT_TEAM = 24G6VR25PU;
				INFOPLIST_FILE = PostgameUITests/Info.plist;
				LD_RUNPATH_SEARCH_PATHS = (
					"$(inherited)",
					"@executable_path/Frameworks",
					"@loader_path/Frameworks",
				);
				PRODUCT_BUNDLE_IDENTIFIER = com.postgame.PostgameUITests;
				PRODUCT_NAME = "$(TARGET_NAME)";
				SWIFT_VERSION = 4.0;
				TARGETED_DEVICE_FAMILY = "1,2";
				TEST_TARGET_NAME = Postgame;
			};
			name = Release;
		};
/* End XCBuildConfiguration section */

/* Begin XCConfigurationList section */
		6AEC1A662085BF06008E0FF8 /* Build configuration list for PBXProject "Postgame" */ = {
			isa = XCConfigurationList;
			buildConfigurations = (
				6AEC1A932085BF08008E0FF8 /* Debug */,
				6AEC1A942085BF08008E0FF8 /* Release */,
			);
			defaultConfigurationIsVisible = 0;
			defaultConfigurationName = Release;
		};
		6AEC1A952085BF08008E0FF8 /* Build configuration list for PBXNativeTarget "Postgame" */ = {
			isa = XCConfigurationList;
			buildConfigurations = (
				6AEC1A962085BF08008E0FF8 /* Debug */,
				6AEC1A972085BF08008E0FF8 /* Release */,
			);
			defaultConfigurationIsVisible = 0;
			defaultConfigurationName = Release;
		};
		6AEC1A982085BF08008E0FF8 /* Build configuration list for PBXNativeTarget "PostgameTests" */ = {
			isa = XCConfigurationList;
			buildConfigurations = (
				6AEC1A992085BF08008E0FF8 /* Debug */,
				6AEC1A9A2085BF08008E0FF8 /* Release */,
			);
			defaultConfigurationIsVisible = 0;
			defaultConfigurationName = Release;
		};
		6AEC1A9B2085BF08008E0FF8 /* Build configuration list for PBXNativeTarget "PostgameUITests" */ = {
			isa = XCConfigurationList;
			buildConfigurations = (
				6AEC1A9C2085BF08008E0FF8 /* Debug */,
				6AEC1A9D2085BF08008E0FF8 /* Release */,
			);
			defaultConfigurationIsVisible = 0;
			defaultConfigurationName = Release;
		};
/* End XCConfigurationList section */
	};
	rootObject = 6AEC1A632085BF06008E0FF8 /* Project object */;
}
